{
    "version": 3,
    "terraform_version": "0.12.31",
    "serial": 1,
    "lineage": "a9674c27-15d3-8aa8-e993-6cd40678706a",
    "modules": [
        {
            "path": [
                "root"
            ],
            "outputs": {
                "datadog_synthetics_test_tfer--synthetics_4ma-002D-df4-002D-v5t_id": {
                    "sensitive": false,
                    "type": "string",
                    "value": "4ma-df4-v5t"
                },
                "datadog_synthetics_test_tfer--synthetics_7dd-002D-fxk-002D-3h8_id": {
                    "sensitive": false,
                    "type": "string",
                    "value": "7dd-fxk-3h8"
                },
                "datadog_synthetics_test_tfer--synthetics_7mp-002D-vdr-002D-22b_id": {
                    "sensitive": false,
                    "type": "string",
                    "value": "7mp-vdr-22b"
                },
                "datadog_synthetics_test_tfer--synthetics_8h8-002D-wum-002D-bgj_id": {
                    "sensitive": false,
                    "type": "string",
                    "value": "8h8-wum-bgj"
                },
                "datadog_synthetics_test_tfer--synthetics_bkq-002D-s9r-002D-gqm_id": {
                    "sensitive": false,
                    "type": "string",
                    "value": "bkq-s9r-gqm"
                },
                "datadog_synthetics_test_tfer--synthetics_h3k-002D-x47-002D-7e4_id": {
                    "sensitive": false,
                    "type": "string",
                    "value": "h3k-x47-7e4"
                },
                "datadog_synthetics_test_tfer--synthetics_h45-002D-mk2-002D-d7n_id": {
                    "sensitive": false,
                    "type": "string",
                    "value": "h45-mk2-d7n"
                },
                "datadog_synthetics_test_tfer--synthetics_hqa-002D-pne-002D-ixr_id": {
                    "sensitive": false,
                    "type": "string",
                    "value": "hqa-pne-ixr"
                },
                "datadog_synthetics_test_tfer--synthetics_iiu-002D-ekx-002D-wmq_id": {
                    "sensitive": false,
                    "type": "string",
                    "value": "iiu-ekx-wmq"
                },
                "datadog_synthetics_test_tfer--synthetics_j7i-002D-scd-002D-4u2_id": {
                    "sensitive": false,
                    "type": "string",
                    "value": "j7i-scd-4u2"
                },
                "datadog_synthetics_test_tfer--synthetics_ksw-002D-rkm-002D-6kj_id": {
                    "sensitive": false,
                    "type": "string",
                    "value": "ksw-rkm-6kj"
                },
                "datadog_synthetics_test_tfer--synthetics_m6v-002D-sq2-002D-snu_id": {
                    "sensitive": false,
                    "type": "string",
                    "value": "m6v-sq2-snu"
                },
                "datadog_synthetics_test_tfer--synthetics_mam-002D-vcw-002D-smf_id": {
                    "sensitive": false,
                    "type": "string",
                    "value": "mam-vcw-smf"
                },
                "datadog_synthetics_test_tfer--synthetics_p9z-002D-bpt-002D-a8c_id": {
                    "sensitive": false,
                    "type": "string",
                    "value": "p9z-bpt-a8c"
                },
                "datadog_synthetics_test_tfer--synthetics_tyb-002D-xka-002D-bzw_id": {
                    "sensitive": false,
                    "type": "string",
                    "value": "tyb-xka-bzw"
                },
                "datadog_synthetics_test_tfer--synthetics_w3h-002D-msq-002D-dqs_id": {
                    "sensitive": false,
                    "type": "string",
                    "value": "w3h-msq-dqs"
                },
                "datadog_synthetics_test_tfer--synthetics_w7w-002D-y68-002D-w9i_id": {
                    "sensitive": false,
                    "type": "string",
                    "value": "w7w-y68-w9i"
                },
                "datadog_synthetics_test_tfer--synthetics_whd-002D-sxu-002D-5ig_id": {
                    "sensitive": false,
                    "type": "string",
                    "value": "whd-sxu-5ig"
                },
                "datadog_synthetics_test_tfer--synthetics_wmu-002D-5f7-002D-ird_id": {
                    "sensitive": false,
                    "type": "string",
                    "value": "wmu-5f7-ird"
                },
                "datadog_synthetics_test_tfer--synthetics_wne-002D-eb5-002D-g76_id": {
                    "sensitive": false,
                    "type": "string",
                    "value": "wne-eb5-g76"
                },
                "datadog_synthetics_test_tfer--synthetics_xej-002D-nhi-002D-gpz_id": {
                    "sensitive": false,
                    "type": "string",
                    "value": "xej-nhi-gpz"
                },
                "datadog_synthetics_test_tfer--synthetics_xuj-002D-vbk-002D-un6_id": {
                    "sensitive": false,
                    "type": "string",
                    "value": "xuj-vbk-un6"
                },
                "datadog_synthetics_test_tfer--synthetics_y8s-002D-phn-002D-ke4_id": {
                    "sensitive": false,
                    "type": "string",
                    "value": "y8s-phn-ke4"
                },
                "datadog_synthetics_test_tfer--synthetics_ycw-002D-cxr-002D-9f2_id": {
                    "sensitive": false,
                    "type": "string",
                    "value": "ycw-cxr-9f2"
                },
                "datadog_synthetics_test_tfer--synthetics_yri-002D-6zy-002D-3r9_id": {
                    "sensitive": false,
                    "type": "string",
                    "value": "yri-6zy-3r9"
                }
            },
            "resources": {
                "datadog_synthetics_test.tfer--synthetics_4ma-002D-df4-002D-v5t": {
                    "type": "datadog_synthetics_test",
                    "depends_on": [],
                    "primary": {
                        "id": "4ma-df4-v5t",
                        "attributes": {
                            "assertion.#": "3",
                            "assertion.0.operator": "lessThan",
                            "assertion.0.property": "",
                            "assertion.0.target": "3000",
                            "assertion.0.targetjsonpath.#": "0",
                            "assertion.0.type": "responseTime",
                            "assertion.1.operator": "is",
                            "assertion.1.property": "",
                            "assertion.1.target": "200",
                            "assertion.1.targetjsonpath.#": "0",
                            "assertion.1.type": "statusCode",
                            "assertion.2.operator": "is",
                            "assertion.2.property": "content-type",
                            "assertion.2.target": "text/html; charset=UTF-8",
                            "assertion.2.targetjsonpath.#": "0",
                            "assertion.2.type": "header",
                            "config_variable.#": "0",
                            "device_ids.#": "0",
                            "id": "4ma-df4-v5t",
                            "locations.#": "5",
                            "locations.0": "aws:ca-central-1",
                            "locations.1": "aws:sa-east-1",
                            "locations.2": "aws:us-east-2",
                            "locations.3": "aws:us-west-1",
                            "locations.4": "aws:us-west-2",
                            "message": "Connect me site \"abbvie.connectmehr.com\" is down\n\n@kchugh@deloitte.com \n@ruswilson@deloitte.com \n@modubey@deloitte.com \n@sanddubey@deloitte.com\n@akachhava@deloitte.com",
                            "monitor_id": "35906883",
                            "name": "Monitor abbivie.connectmehr.com",
                            "options_list.#": "1",
                            "options_list.0.accept_self_signed": "false",
                            "options_list.0.allow_insecure": "true",
                            "options_list.0.follow_redirects": "true",
                            "options_list.0.min_failure_duration": "120",
                            "options_list.0.min_location_failed": "5",
                            "options_list.0.monitor_name": "",
                            "options_list.0.monitor_options.#": "1",
                            "options_list.0.monitor_options.0.renotify_interval": "60",
                            "options_list.0.monitor_priority": "1",
                            "options_list.0.no_screenshot": "false",
                            "options_list.0.retry.#": "1",
                            "options_list.0.retry.0.count": "2",
                            "options_list.0.retry.0.interval": "200",
                            "options_list.0.tick_every": "300",
                            "request_definition.#": "1",
                            "request_definition.0.body": "",
                            "request_definition.0.dns_server": "",
                            "request_definition.0.dns_server_port": "0",
                            "request_definition.0.host": "",
                            "request_definition.0.method": "GET",
                            "request_definition.0.no_saving_response_body": "false",
                            "request_definition.0.number_of_packets": "0",
                            "request_definition.0.port": "0",
                            "request_definition.0.should_track_hops": "false",
                            "request_definition.0.timeout": "0",
                            "request_definition.0.url": "https://abbvie.connectmehr.com",
                            "request_headers.%": "0",
                            "request_query.%": "0",
                            "status": "live",
                            "subtype": "http",
                            "tags.#": "2",
                            "tags.0": "app:CONNECTME",
                            "tags.1": "env:prod",
                            "type": "api"
                        },
                        "meta": {
                            "schema_version": 0
                        },
                        "tainted": false
                    },
                    "deposed": [],
                    "provider": "provider.datadog"
                },
                "datadog_synthetics_test.tfer--synthetics_7dd-002D-fxk-002D-3h8": {
                    "type": "datadog_synthetics_test",
                    "depends_on": [],
                    "primary": {
                        "id": "7dd-fxk-3h8",
                        "attributes": {
                            "assertion.#": "3",
                            "assertion.0.operator": "lessThan",
                            "assertion.0.property": "",
                            "assertion.0.target": "1000",
                            "assertion.0.targetjsonpath.#": "0",
                            "assertion.0.type": "responseTime",
                            "assertion.1.operator": "is",
                            "assertion.1.property": "",
                            "assertion.1.target": "301",
                            "assertion.1.targetjsonpath.#": "0",
                            "assertion.1.type": "statusCode",
                            "assertion.2.operator": "is",
                            "assertion.2.property": "content-type",
                            "assertion.2.target": "text/html; charset=UTF-8",
                            "assertion.2.targetjsonpath.#": "0",
                            "assertion.2.type": "header",
                            "config_variable.#": "0",
                            "device_ids.#": "0",
                            "id": "7dd-fxk-3h8",
                            "locations.#": "15",
                            "locations.0": "aws:ap-northeast-1",
                            "locations.1": "aws:ap-northeast-2",
                            "locations.10": "aws:eu-west-3",
                            "locations.11": "aws:sa-east-1",
                            "locations.12": "aws:us-east-2",
                            "locations.13": "aws:us-west-1",
                            "locations.14": "aws:us-west-2",
                            "locations.2": "aws:ap-south-1",
                            "locations.3": "aws:ap-southeast-1",
                            "locations.4": "aws:ap-southeast-2",
                            "locations.5": "aws:ca-central-1",
                            "locations.6": "aws:eu-central-1",
                            "locations.7": "aws:eu-north-1",
                            "locations.8": "aws:eu-west-1",
                            "locations.9": "aws:eu-west-2",
                            "message": "{{^is_renotify}}\nALERT: @sanddubey@deloitte.com @webhook-snssms ruswilson@deloitte.com 9712559378@tmomail.net \n{{/is_renotify}}\n\n{{#is_renotify}}\n ESCALATION: This is the escalation message, It seems that an alert wasn't resolved yet @ruswilson@deloitte.com 9712559378@tmomail.net @sanddubey@deloitte.com \n{{/is_renotify}}",
                            "monitor_id": "39814666",
                            "name": "Test on google.com",
                            "options_list.#": "1",
                            "options_list.0.accept_self_signed": "false",
                            "options_list.0.allow_insecure": "false",
                            "options_list.0.follow_redirects": "false",
                            "options_list.0.min_failure_duration": "120",
                            "options_list.0.min_location_failed": "5",
                            "options_list.0.monitor_name": "",
                            "options_list.0.monitor_options.#": "1",
                            "options_list.0.monitor_options.0.renotify_interval": "10",
                            "options_list.0.monitor_priority": "2",
                            "options_list.0.no_screenshot": "false",
                            "options_list.0.retry.#": "1",
                            "options_list.0.retry.0.count": "2",
                            "options_list.0.retry.0.interval": "200",
                            "options_list.0.tick_every": "300",
                            "request_definition.#": "1",
                            "request_definition.0.body": "",
                            "request_definition.0.dns_server": "",
                            "request_definition.0.dns_server_port": "0",
                            "request_definition.0.host": "",
                            "request_definition.0.method": "GET",
                            "request_definition.0.no_saving_response_body": "false",
                            "request_definition.0.number_of_packets": "0",
                            "request_definition.0.port": "0",
                            "request_definition.0.should_track_hops": "false",
                            "request_definition.0.timeout": "0",
                            "request_definition.0.url": "https://google.com",
                            "request_headers.%": "0",
                            "request_query.%": "0",
                            "status": "live",
                            "subtype": "http",
                            "tags.#": "0",
                            "type": "api"
                        },
                        "meta": {
                            "schema_version": 0
                        },
                        "tainted": false
                    },
                    "deposed": [],
                    "provider": "provider.datadog"
                },
                "datadog_synthetics_test.tfer--synthetics_7mp-002D-vdr-002D-22b": {
                    "type": "datadog_synthetics_test",
                    "depends_on": [],
                    "primary": {
                        "id": "7mp-vdr-22b",
                        "attributes": {
                            "assertion.#": "3",
                            "assertion.0.operator": "lessThan",
                            "assertion.0.property": "",
                            "assertion.0.target": "3000",
                            "assertion.0.targetjsonpath.#": "0",
                            "assertion.0.type": "responseTime",
                            "assertion.1.operator": "is",
                            "assertion.1.property": "",
                            "assertion.1.target": "302",
                            "assertion.1.targetjsonpath.#": "0",
                            "assertion.1.type": "statusCode",
                            "assertion.2.operator": "is",
                            "assertion.2.property": "location",
                            "assertion.2.target": "http://eu.workforceinsights.deloitte.com/Account/Login?ReturnUrl=%2F",
                            "assertion.2.targetjsonpath.#": "0",
                            "assertion.2.type": "header",
                            "config_variable.#": "0",
                            "device_ids.#": "0",
                            "id": "7mp-vdr-22b",
                            "locations.#": "10",
                            "locations.0": "aws:ca-central-1",
                            "locations.1": "aws:eu-central-1",
                            "locations.2": "aws:eu-north-1",
                            "locations.3": "aws:eu-west-1",
                            "locations.4": "aws:eu-west-2",
                            "locations.5": "aws:eu-west-3",
                            "locations.6": "aws:sa-east-1",
                            "locations.7": "aws:us-east-2",
                            "locations.8": "aws:us-west-1",
                            "locations.9": "aws:us-west-2",
                            "message": "Site Down eu.workforceinsights.deloitte.com\n\n@modubey@deloitte.com @kchugh@deloitte.com @ruswilson@deloitte.com @sanddubey@deloitte.com @akachhava@deloitte.com",
                            "monitor_id": "35053641",
                            "name": "Monitor eu.workforceinsights.deloitte.com homepage",
                            "options_list.#": "1",
                            "options_list.0.accept_self_signed": "false",
                            "options_list.0.allow_insecure": "false",
                            "options_list.0.follow_redirects": "false",
                            "options_list.0.min_failure_duration": "120",
                            "options_list.0.min_location_failed": "5",
                            "options_list.0.monitor_name": "",
                            "options_list.0.monitor_options.#": "1",
                            "options_list.0.monitor_options.0.renotify_interval": "60",
                            "options_list.0.monitor_priority": "1",
                            "options_list.0.no_screenshot": "false",
                            "options_list.0.retry.#": "1",
                            "options_list.0.retry.0.count": "2",
                            "options_list.0.retry.0.interval": "200",
                            "options_list.0.tick_every": "300",
                            "request_definition.#": "1",
                            "request_definition.0.body": "",
                            "request_definition.0.dns_server": "",
                            "request_definition.0.dns_server_port": "0",
                            "request_definition.0.host": "",
                            "request_definition.0.method": "GET",
                            "request_definition.0.no_saving_response_body": "false",
                            "request_definition.0.number_of_packets": "0",
                            "request_definition.0.port": "0",
                            "request_definition.0.should_track_hops": "false",
                            "request_definition.0.timeout": "0",
                            "request_definition.0.url": "https://eu.workforceinsights.deloitte.com",
                            "request_headers.%": "0",
                            "request_query.%": "0",
                            "status": "live",
                            "subtype": "http",
                            "tags.#": "3",
                            "tags.0": "region:EU",
                            "tags.1": "app:RO",
                            "tags.2": "env:prod",
                            "type": "api"
                        },
                        "meta": {
                            "schema_version": 0
                        },
                        "tainted": false
                    },
                    "deposed": [],
                    "provider": "provider.datadog"
                },
                "datadog_synthetics_test.tfer--synthetics_8h8-002D-wum-002D-bgj": {
                    "type": "datadog_synthetics_test",
                    "depends_on": [],
                    "primary": {
                        "id": "8h8-wum-bgj",
                        "attributes": {
                            "assertion.#": "3",
                            "assertion.0.operator": "lessThan",
                            "assertion.0.property": "",
                            "assertion.0.target": "2000",
                            "assertion.0.targetjsonpath.#": "0",
                            "assertion.0.type": "responseTime",
                            "assertion.1.operator": "is",
                            "assertion.1.property": "",
                            "assertion.1.target": "200",
                            "assertion.1.targetjsonpath.#": "0",
                            "assertion.1.type": "statusCode",
                            "assertion.2.operator": "is",
                            "assertion.2.property": "content-type",
                            "assertion.2.target": "text/html",
                            "assertion.2.targetjsonpath.#": "0",
                            "assertion.2.type": "header",
                            "config_variable.#": "0",
                            "device_ids.#": "0",
                            "id": "8h8-wum-bgj",
                            "locations.#": "5",
                            "locations.0": "aws:ca-central-1",
                            "locations.1": "aws:sa-east-1",
                            "locations.2": "aws:us-east-2",
                            "locations.3": "aws:us-west-1",
                            "locations.4": "aws:us-west-2",
                            "message": "Site Down aona-eu.deloitte.com \n\n@kchugh@deloitte.com \n@modubey@deloitte.com \n@sanddubey@deloitte.com \n@ruswilson@deloitte.com \n@akachhava@deloitte.com",
                            "monitor_id": "35540169",
                            "name": "Monitor aona-eu.deloitte.com homepage",
                            "options_list.#": "1",
                            "options_list.0.accept_self_signed": "false",
                            "options_list.0.allow_insecure": "false",
                            "options_list.0.follow_redirects": "false",
                            "options_list.0.min_failure_duration": "120",
                            "options_list.0.min_location_failed": "5",
                            "options_list.0.monitor_name": "",
                            "options_list.0.monitor_options.#": "1",
                            "options_list.0.monitor_options.0.renotify_interval": "60",
                            "options_list.0.monitor_priority": "1",
                            "options_list.0.no_screenshot": "false",
                            "options_list.0.retry.#": "1",
                            "options_list.0.retry.0.count": "2",
                            "options_list.0.retry.0.interval": "200",
                            "options_list.0.tick_every": "300",
                            "request_definition.#": "1",
                            "request_definition.0.body": "",
                            "request_definition.0.dns_server": "",
                            "request_definition.0.dns_server_port": "0",
                            "request_definition.0.host": "",
                            "request_definition.0.method": "GET",
                            "request_definition.0.no_saving_response_body": "false",
                            "request_definition.0.number_of_packets": "0",
                            "request_definition.0.port": "0",
                            "request_definition.0.should_track_hops": "false",
                            "request_definition.0.timeout": "0",
                            "request_definition.0.url": "https://aona-eu.deloitte.com",
                            "request_headers.%": "0",
                            "request_query.%": "0",
                            "status": "live",
                            "subtype": "http",
                            "tags.#": "3",
                            "tags.0": "region:EU",
                            "tags.1": "app:AONA",
                            "tags.2": "env:prod",
                            "type": "api"
                        },
                        "meta": {
                            "schema_version": 0
                        },
                        "tainted": false
                    },
                    "deposed": [],
                    "provider": "provider.datadog"
                },
                "datadog_synthetics_test.tfer--synthetics_bkq-002D-s9r-002D-gqm": {
                    "type": "datadog_synthetics_test",
                    "depends_on": [],
                    "primary": {
                        "id": "bkq-s9r-gqm",
                        "attributes": {
                            "assertion.#": "3",
                            "assertion.0.operator": "lessThan",
                            "assertion.0.property": "",
                            "assertion.0.target": "2000",
                            "assertion.0.targetjsonpath.#": "0",
                            "assertion.0.type": "responseTime",
                            "assertion.1.operator": "is",
                            "assertion.1.property": "",
                            "assertion.1.target": "200",
                            "assertion.1.targetjsonpath.#": "0",
                            "assertion.1.type": "statusCode",
                            "assertion.2.operator": "is",
                            "assertion.2.property": "content-type",
                            "assertion.2.target": "text/html; charset=UTF-8",
                            "assertion.2.targetjsonpath.#": "0",
                            "assertion.2.type": "header",
                            "config_variable.#": "0",
                            "device_ids.#": "0",
                            "id": "bkq-s9r-gqm",
                            "locations.#": "5",
                            "locations.0": "aws:ca-central-1",
                            "locations.1": "aws:sa-east-1",
                            "locations.2": "aws:us-east-2",
                            "locations.3": "aws:us-west-1",
                            "locations.4": "aws:us-west-2",
                            "message": "Site Down workforceinsightsopinions.deloitte.com @modubey@deloitte.com @ruswilson@deloitte.com @sanddubey@deloitte.com @kchugh@deloitte.com @akachhava@deloitte.com",
                            "monitor_id": "35054102",
                            "name": "Monitor workforceinsightsopinions.deloitte.com homepage",
                            "options_list.#": "1",
                            "options_list.0.accept_self_signed": "false",
                            "options_list.0.allow_insecure": "false",
                            "options_list.0.follow_redirects": "false",
                            "options_list.0.min_failure_duration": "120",
                            "options_list.0.min_location_failed": "5",
                            "options_list.0.monitor_name": "",
                            "options_list.0.monitor_options.#": "1",
                            "options_list.0.monitor_options.0.renotify_interval": "60",
                            "options_list.0.monitor_priority": "1",
                            "options_list.0.no_screenshot": "false",
                            "options_list.0.retry.#": "1",
                            "options_list.0.retry.0.count": "2",
                            "options_list.0.retry.0.interval": "200",
                            "options_list.0.tick_every": "300",
                            "request_definition.#": "1",
                            "request_definition.0.body": "",
                            "request_definition.0.dns_server": "",
                            "request_definition.0.dns_server_port": "0",
                            "request_definition.0.host": "",
                            "request_definition.0.method": "GET",
                            "request_definition.0.no_saving_response_body": "false",
                            "request_definition.0.number_of_packets": "0",
                            "request_definition.0.port": "0",
                            "request_definition.0.should_track_hops": "false",
                            "request_definition.0.timeout": "0",
                            "request_definition.0.url": "https://workforceinsightsopinions.deloitte.com",
                            "request_headers.%": "0",
                            "request_query.%": "0",
                            "status": "live",
                            "subtype": "http",
                            "tags.#": "3",
                            "tags.0": "region:US",
                            "tags.1": "app:RO",
                            "tags.2": "env:prod",
                            "type": "api"
                        },
                        "meta": {
                            "schema_version": 0
                        },
                        "tainted": false
                    },
                    "deposed": [],
                    "provider": "provider.datadog"
                },
                "datadog_synthetics_test.tfer--synthetics_h3k-002D-x47-002D-7e4": {
                    "type": "datadog_synthetics_test",
                    "depends_on": [],
                    "primary": {
                        "id": "h3k-x47-7e4",
                        "attributes": {
                            "assertion.#": "3",
                            "assertion.0.operator": "lessThan",
                            "assertion.0.property": "",
                            "assertion.0.target": "2000",
                            "assertion.0.targetjsonpath.#": "0",
                            "assertion.0.type": "responseTime",
                            "assertion.1.operator": "is",
                            "assertion.1.property": "",
                            "assertion.1.target": "200",
                            "assertion.1.targetjsonpath.#": "0",
                            "assertion.1.type": "statusCode",
                            "assertion.2.operator": "is",
                            "assertion.2.property": "content-type",
                            "assertion.2.target": "text/html; charset=utf-8",
                            "assertion.2.targetjsonpath.#": "0",
                            "assertion.2.type": "header",
                            "config_variable.#": "0",
                            "device_ids.#": "0",
                            "id": "h3k-x47-7e4",
                            "locations.#": "5",
                            "locations.0": "aws:ca-central-1",
                            "locations.1": "aws:sa-east-1",
                            "locations.2": "aws:us-east-2",
                            "locations.3": "aws:us-west-1",
                            "locations.4": "aws:us-west-2",
                            "message": "Site down humancapitalresearch-api.deloitte.com\n\n@modubey@deloitte.com @kchugh@deloitte.com @ruswilson@deloitte.com @sanddubey@deloitte.com @akachhava@deloitte.com",
                            "monitor_id": "35049761",
                            "name": "Monitor humancapitalresearch-api.deloitte.com homepage",
                            "options_list.#": "1",
                            "options_list.0.accept_self_signed": "false",
                            "options_list.0.allow_insecure": "false",
                            "options_list.0.follow_redirects": "false",
                            "options_list.0.min_failure_duration": "120",
                            "options_list.0.min_location_failed": "5",
                            "options_list.0.monitor_name": "",
                            "options_list.0.monitor_options.#": "1",
                            "options_list.0.monitor_options.0.renotify_interval": "60",
                            "options_list.0.monitor_priority": "1",
                            "options_list.0.no_screenshot": "false",
                            "options_list.0.retry.#": "1",
                            "options_list.0.retry.0.count": "2",
                            "options_list.0.retry.0.interval": "200",
                            "options_list.0.tick_every": "300",
                            "request_definition.#": "1",
                            "request_definition.0.body": "",
                            "request_definition.0.dns_server": "",
                            "request_definition.0.dns_server_port": "0",
                            "request_definition.0.host": "",
                            "request_definition.0.method": "GET",
                            "request_definition.0.no_saving_response_body": "false",
                            "request_definition.0.number_of_packets": "0",
                            "request_definition.0.port": "0",
                            "request_definition.0.should_track_hops": "false",
                            "request_definition.0.timeout": "0",
                            "request_definition.0.url": "https://humancapitalresearch-api.deloitte.com",
                            "request_headers.%": "0",
                            "request_query.%": "0",
                            "status": "live",
                            "subtype": "http",
                            "tags.#": "2",
                            "tags.0": "env:prod",
                            "tags.1": "app:membersite",
                            "type": "api"
                        },
                        "meta": {
                            "schema_version": 0
                        },
                        "tainted": false
                    },
                    "deposed": [],
                    "provider": "provider.datadog"
                },
                "datadog_synthetics_test.tfer--synthetics_h45-002D-mk2-002D-d7n": {
                    "type": "datadog_synthetics_test",
                    "depends_on": [],
                    "primary": {
                        "id": "h45-mk2-d7n",
                        "attributes": {
                            "assertion.#": "4",
                            "assertion.0.operator": "lessThan",
                            "assertion.0.property": "",
                            "assertion.0.target": "2000",
                            "assertion.0.targetjsonpath.#": "0",
                            "assertion.0.type": "responseTime",
                            "assertion.1.operator": "is",
                            "assertion.1.property": "",
                            "assertion.1.target": "302",
                            "assertion.1.targetjsonpath.#": "0",
                            "assertion.1.type": "statusCode",
                            "assertion.2.operator": "is",
                            "assertion.2.property": "content-type",
                            "assertion.2.target": "text/html; charset=UTF-8",
                            "assertion.2.targetjsonpath.#": "0",
                            "assertion.2.type": "header",
                            "assertion.3.operator": "is",
                            "assertion.3.property": "location",
                            "assertion.3.target": "https://humancapitalresearch.deloitte.com/login/?p=https://employeeexperience.deloitte.com",
                            "assertion.3.targetjsonpath.#": "0",
                            "assertion.3.type": "header",
                            "config_variable.#": "0",
                            "device_ids.#": "0",
                            "id": "h45-mk2-d7n",
                            "locations.#": "5",
                            "locations.0": "aws:ca-central-1",
                            "locations.1": "aws:sa-east-1",
                            "locations.2": "aws:us-east-2",
                            "locations.3": "aws:us-west-1",
                            "locations.4": "aws:us-west-2",
                            "message": "Site Down employeeexperience.deloitte.com\n\n@modubey@deloitte.com @kchugh@deloitte.com @ruswilson@deloitte.com @sanddubey@deloitte.com @akachhava@deloitte.com",
                            "monitor_id": "35049964",
                            "name": "Monitor employeeexperience.deloitte.com homepage",
                            "options_list.#": "1",
                            "options_list.0.accept_self_signed": "false",
                            "options_list.0.allow_insecure": "false",
                            "options_list.0.follow_redirects": "false",
                            "options_list.0.min_failure_duration": "120",
                            "options_list.0.min_location_failed": "5",
                            "options_list.0.monitor_name": "",
                            "options_list.0.monitor_options.#": "1",
                            "options_list.0.monitor_options.0.renotify_interval": "60",
                            "options_list.0.monitor_priority": "1",
                            "options_list.0.no_screenshot": "false",
                            "options_list.0.retry.#": "1",
                            "options_list.0.retry.0.count": "2",
                            "options_list.0.retry.0.interval": "2",
                            "options_list.0.tick_every": "300",
                            "request_definition.#": "1",
                            "request_definition.0.body": "",
                            "request_definition.0.dns_server": "",
                            "request_definition.0.dns_server_port": "0",
                            "request_definition.0.host": "",
                            "request_definition.0.method": "GET",
                            "request_definition.0.no_saving_response_body": "false",
                            "request_definition.0.number_of_packets": "0",
                            "request_definition.0.port": "0",
                            "request_definition.0.should_track_hops": "false",
                            "request_definition.0.timeout": "0",
                            "request_definition.0.url": "https://employeeexperience.deloitte.com/",
                            "request_headers.%": "0",
                            "request_query.%": "0",
                            "status": "live",
                            "subtype": "http",
                            "tags.#": "2",
                            "tags.0": "app: EED",
                            "tags.1": "env:prod",
                            "type": "api"
                        },
                        "meta": {
                            "schema_version": 0
                        },
                        "tainted": false
                    },
                    "deposed": [],
                    "provider": "provider.datadog"
                },
                "datadog_synthetics_test.tfer--synthetics_hqa-002D-pne-002D-ixr": {
                    "type": "datadog_synthetics_test",
                    "depends_on": [],
                    "primary": {
                        "id": "hqa-pne-ixr",
                        "attributes": {
                            "assertion.#": "3",
                            "assertion.0.operator": "lessThan",
                            "assertion.0.property": "",
                            "assertion.0.target": "2000",
                            "assertion.0.targetjsonpath.#": "0",
                            "assertion.0.type": "responseTime",
                            "assertion.1.operator": "is",
                            "assertion.1.property": "",
                            "assertion.1.target": "200",
                            "assertion.1.targetjsonpath.#": "0",
                            "assertion.1.type": "statusCode",
                            "assertion.2.operator": "is",
                            "assertion.2.property": "content-type",
                            "assertion.2.target": "text/html",
                            "assertion.2.targetjsonpath.#": "0",
                            "assertion.2.type": "header",
                            "config_variable.#": "0",
                            "device_ids.#": "0",
                            "id": "hqa-pne-ixr",
                            "locations.#": "5",
                            "locations.0": "aws:ca-central-1",
                            "locations.1": "aws:sa-east-1",
                            "locations.2": "aws:us-east-2",
                            "locations.3": "aws:us-west-1",
                            "locations.4": "aws:us-west-2",
                            "message": "Site Down foto-int.deloitte.com \n\n @kchugh@deloitte.com @sanddubey@deloitte.com @modubey@deloitte.com @ruswilson@deloitte.com  @akachhava@deloitte.com",
                            "monitor_id": "35053772",
                            "name": "Monitor foto-int.deloitte.com homepage",
                            "options_list.#": "1",
                            "options_list.0.accept_self_signed": "false",
                            "options_list.0.allow_insecure": "false",
                            "options_list.0.follow_redirects": "false",
                            "options_list.0.min_failure_duration": "120",
                            "options_list.0.min_location_failed": "5",
                            "options_list.0.monitor_name": "",
                            "options_list.0.monitor_options.#": "1",
                            "options_list.0.monitor_options.0.renotify_interval": "60",
                            "options_list.0.monitor_priority": "1",
                            "options_list.0.no_screenshot": "false",
                            "options_list.0.retry.#": "1",
                            "options_list.0.retry.0.count": "2",
                            "options_list.0.retry.0.interval": "200",
                            "options_list.0.tick_every": "300",
                            "request_definition.#": "1",
                            "request_definition.0.body": "",
                            "request_definition.0.dns_server": "",
                            "request_definition.0.dns_server_port": "0",
                            "request_definition.0.host": "",
                            "request_definition.0.method": "GET",
                            "request_definition.0.no_saving_response_body": "false",
                            "request_definition.0.number_of_packets": "0",
                            "request_definition.0.port": "0",
                            "request_definition.0.should_track_hops": "false",
                            "request_definition.0.timeout": "0",
                            "request_definition.0.url": "https://foto-int.deloitte.com",
                            "request_headers.%": "0",
                            "request_query.%": "0",
                            "status": "live",
                            "subtype": "http",
                            "tags.#": "2",
                            "tags.0": "app:FOTO",
                            "tags.1": "env:prod",
                            "type": "api"
                        },
                        "meta": {
                            "schema_version": 0
                        },
                        "tainted": false
                    },
                    "deposed": [],
                    "provider": "provider.datadog"
                },
                "datadog_synthetics_test.tfer--synthetics_iiu-002D-ekx-002D-wmq": {
                    "type": "datadog_synthetics_test",
                    "depends_on": [],
                    "primary": {
                        "id": "iiu-ekx-wmq",
                        "attributes": {
                            "assertion.#": "3",
                            "assertion.0.operator": "lessThan",
                            "assertion.0.property": "",
                            "assertion.0.target": "2000",
                            "assertion.0.targetjsonpath.#": "0",
                            "assertion.0.type": "responseTime",
                            "assertion.1.operator": "is",
                            "assertion.1.property": "",
                            "assertion.1.target": "200",
                            "assertion.1.targetjsonpath.#": "0",
                            "assertion.1.type": "statusCode",
                            "assertion.2.operator": "is",
                            "assertion.2.property": "content-type",
                            "assertion.2.target": "text/html",
                            "assertion.2.targetjsonpath.#": "0",
                            "assertion.2.type": "header",
                            "config_variable.#": "0",
                            "device_ids.#": "0",
                            "id": "iiu-ekx-wmq",
                            "locations.#": "5",
                            "locations.0": "aws:ca-central-1",
                            "locations.1": "aws:sa-east-1",
                            "locations.2": "aws:us-east-2",
                            "locations.3": "aws:us-west-1",
                            "locations.4": "aws:us-west-2",
                            "message": "Site Down aona.deloitte.com \n\n@kchugh@deloitte.com \n@modubey@deloitte.com \n@sanddubey@deloitte.com \n@ruswilson@deloitte.com\n@akachhava@deloitte.com\n\n{{#is_renotify}}\n{{#is_match \"env\" \"production\"}}\n  This is a P1 escalation message sent to @sbarbour@deloitte.com\n{{/is_match}}\n{{/is_renotify}} ",
                            "monitor_id": "35061485",
                            "name": "Monitor aona.deloitte.com homepage",
                            "options_list.#": "1",
                            "options_list.0.accept_self_signed": "false",
                            "options_list.0.allow_insecure": "false",
                            "options_list.0.follow_redirects": "false",
                            "options_list.0.min_failure_duration": "120",
                            "options_list.0.min_location_failed": "5",
                            "options_list.0.monitor_name": "",
                            "options_list.0.monitor_options.#": "1",
                            "options_list.0.monitor_options.0.renotify_interval": "60",
                            "options_list.0.monitor_priority": "1",
                            "options_list.0.no_screenshot": "false",
                            "options_list.0.retry.#": "1",
                            "options_list.0.retry.0.count": "2",
                            "options_list.0.retry.0.interval": "200",
                            "options_list.0.tick_every": "300",
                            "request_definition.#": "1",
                            "request_definition.0.body": "",
                            "request_definition.0.dns_server": "",
                            "request_definition.0.dns_server_port": "0",
                            "request_definition.0.host": "",
                            "request_definition.0.method": "GET",
                            "request_definition.0.no_saving_response_body": "false",
                            "request_definition.0.number_of_packets": "0",
                            "request_definition.0.port": "0",
                            "request_definition.0.should_track_hops": "false",
                            "request_definition.0.timeout": "0",
                            "request_definition.0.url": "https://aona.deloitte.com",
                            "request_headers.%": "0",
                            "request_query.%": "0",
                            "status": "live",
                            "subtype": "http",
                            "tags.#": "3",
                            "tags.0": "app:AONA",
                            "tags.1": "region:US",
                            "tags.2": "env:prod",
                            "type": "api"
                        },
                        "meta": {
                            "schema_version": 0
                        },
                        "tainted": false
                    },
                    "deposed": [],
                    "provider": "provider.datadog"
                },
                "datadog_synthetics_test.tfer--synthetics_j7i-002D-scd-002D-4u2": {
                    "type": "datadog_synthetics_test",
                    "depends_on": [],
                    "primary": {
                        "id": "j7i-scd-4u2",
                        "attributes": {
                            "assertion.#": "3",
                            "assertion.0.operator": "lessThan",
                            "assertion.0.property": "",
                            "assertion.0.target": "2000",
                            "assertion.0.targetjsonpath.#": "0",
                            "assertion.0.type": "responseTime",
                            "assertion.1.operator": "is",
                            "assertion.1.property": "",
                            "assertion.1.target": "200",
                            "assertion.1.targetjsonpath.#": "0",
                            "assertion.1.type": "statusCode",
                            "assertion.2.operator": "is",
                            "assertion.2.property": "content-type",
                            "assertion.2.target": "text/html",
                            "assertion.2.targetjsonpath.#": "0",
                            "assertion.2.type": "header",
                            "config_variable.#": "0",
                            "device_ids.#": "0",
                            "id": "j7i-scd-4u2",
                            "locations.#": "5",
                            "locations.0": "aws:ca-central-1",
                            "locations.1": "aws:sa-east-1",
                            "locations.2": "aws:us-east-2",
                            "locations.3": "aws:us-west-1",
                            "locations.4": "aws:us-west-2",
                            "message": "Site Down foto-admin.deloitte.com\n\n@kchugh@deloitte.com @modubey@deloitte.com @ruswilson@deloitte.com @sanddubey@deloitte.com  @akachhava@deloitte.com",
                            "monitor_id": "35053687",
                            "name": "Monitor foto-admin.deloitte.com homepage",
                            "options_list.#": "1",
                            "options_list.0.accept_self_signed": "false",
                            "options_list.0.allow_insecure": "false",
                            "options_list.0.follow_redirects": "false",
                            "options_list.0.min_failure_duration": "120",
                            "options_list.0.min_location_failed": "5",
                            "options_list.0.monitor_name": "",
                            "options_list.0.monitor_options.#": "1",
                            "options_list.0.monitor_options.0.renotify_interval": "60",
                            "options_list.0.monitor_priority": "1",
                            "options_list.0.no_screenshot": "false",
                            "options_list.0.retry.#": "1",
                            "options_list.0.retry.0.count": "2",
                            "options_list.0.retry.0.interval": "200",
                            "options_list.0.tick_every": "300",
                            "request_definition.#": "1",
                            "request_definition.0.body": "",
                            "request_definition.0.dns_server": "",
                            "request_definition.0.dns_server_port": "0",
                            "request_definition.0.host": "",
                            "request_definition.0.method": "GET",
                            "request_definition.0.no_saving_response_body": "false",
                            "request_definition.0.number_of_packets": "0",
                            "request_definition.0.port": "0",
                            "request_definition.0.should_track_hops": "false",
                            "request_definition.0.timeout": "0",
                            "request_definition.0.url": "https://foto-admin.deloitte.com",
                            "request_headers.%": "0",
                            "request_query.%": "0",
                            "status": "live",
                            "subtype": "http",
                            "tags.#": "2",
                            "tags.0": "app:FOTO",
                            "tags.1": "env:prod",
                            "type": "api"
                        },
                        "meta": {
                            "schema_version": 0
                        },
                        "tainted": false
                    },
                    "deposed": [],
                    "provider": "provider.datadog"
                },
                "datadog_synthetics_test.tfer--synthetics_ksw-002D-rkm-002D-6kj": {
                    "type": "datadog_synthetics_test",
                    "depends_on": [],
                    "primary": {
                        "id": "ksw-rkm-6kj",
                        "attributes": {
                            "assertion.#": "3",
                            "assertion.0.operator": "lessThan",
                            "assertion.0.property": "",
                            "assertion.0.target": "4000",
                            "assertion.0.targetjsonpath.#": "0",
                            "assertion.0.type": "responseTime",
                            "assertion.1.operator": "is",
                            "assertion.1.property": "",
                            "assertion.1.target": "200",
                            "assertion.1.targetjsonpath.#": "0",
                            "assertion.1.type": "statusCode",
                            "assertion.2.operator": "is",
                            "assertion.2.property": "content-type",
                            "assertion.2.target": "text/html; charset=UTF-8",
                            "assertion.2.targetjsonpath.#": "0",
                            "assertion.2.type": "header",
                            "config_variable.#": "0",
                            "device_ids.#": "0",
                            "id": "ksw-rkm-6kj",
                            "locations.#": "5",
                            "locations.0": "aws:ca-central-1",
                            "locations.1": "aws:sa-east-1",
                            "locations.2": "aws:us-east-2",
                            "locations.3": "aws:us-west-1",
                            "locations.4": "aws:us-west-2",
                            "message": "Site Down im-workforce-sensing.deloitte.com\n\n@kchugh@deloitte.com \n@modubey@deloitte.com \n@sanddubey@deloitte.com \n@ruswilson@deloitte.com\n@akachhava@deloitte.com",
                            "monitor_id": "35054183",
                            "name": "Monitor im-workforce-sensing.deloitte.com homepage",
                            "options_list.#": "1",
                            "options_list.0.accept_self_signed": "false",
                            "options_list.0.allow_insecure": "false",
                            "options_list.0.follow_redirects": "false",
                            "options_list.0.min_failure_duration": "120",
                            "options_list.0.min_location_failed": "5",
                            "options_list.0.monitor_name": "",
                            "options_list.0.monitor_options.#": "1",
                            "options_list.0.monitor_options.0.renotify_interval": "60",
                            "options_list.0.monitor_priority": "1",
                            "options_list.0.no_screenshot": "false",
                            "options_list.0.retry.#": "1",
                            "options_list.0.retry.0.count": "2",
                            "options_list.0.retry.0.interval": "200",
                            "options_list.0.tick_every": "300",
                            "request_definition.#": "1",
                            "request_definition.0.body": "",
                            "request_definition.0.dns_server": "",
                            "request_definition.0.dns_server_port": "0",
                            "request_definition.0.host": "",
                            "request_definition.0.method": "GET",
                            "request_definition.0.no_saving_response_body": "false",
                            "request_definition.0.number_of_packets": "0",
                            "request_definition.0.port": "0",
                            "request_definition.0.should_track_hops": "false",
                            "request_definition.0.timeout": "0",
                            "request_definition.0.url": "https://im-workforce-sensing.deloitte.com",
                            "request_headers.%": "0",
                            "request_query.%": "0",
                            "status": "live",
                            "subtype": "http",
                            "tags.#": "2",
                            "tags.0": "app:wfs",
                            "tags.1": "env:prod",
                            "type": "api"
                        },
                        "meta": {
                            "schema_version": 0
                        },
                        "tainted": false
                    },
                    "deposed": [],
                    "provider": "provider.datadog"
                },
                "datadog_synthetics_test.tfer--synthetics_m6v-002D-sq2-002D-snu": {
                    "type": "datadog_synthetics_test",
                    "depends_on": [],
                    "primary": {
                        "id": "m6v-sq2-snu",
                        "attributes": {
                            "assertion.#": "3",
                            "assertion.0.operator": "lessThan",
                            "assertion.0.property": "",
                            "assertion.0.target": "2000",
                            "assertion.0.targetjsonpath.#": "0",
                            "assertion.0.type": "responseTime",
                            "assertion.1.operator": "is",
                            "assertion.1.property": "",
                            "assertion.1.target": "302",
                            "assertion.1.targetjsonpath.#": "0",
                            "assertion.1.type": "statusCode",
                            "assertion.2.operator": "is",
                            "assertion.2.property": "content-type",
                            "assertion.2.target": "text/html; charset=UTF-8",
                            "assertion.2.targetjsonpath.#": "0",
                            "assertion.2.type": "header",
                            "config_variable.#": "0",
                            "device_ids.#": "0",
                            "id": "m6v-sq2-snu",
                            "locations.#": "5",
                            "locations.0": "aws:ca-central-1",
                            "locations.1": "aws:sa-east-1",
                            "locations.2": "aws:us-east-2",
                            "locations.3": "aws:us-west-1",
                            "locations.4": "aws:us-west-2",
                            "message": "Member Site Down \n\n@modubey@deloitte.com @ruswilson@deloitte.com @sanddubey@deloitte.com @kchugh@deloitte.com @akachhava@deloitte.com",
                            "monitor_id": "30409654",
                            "name": "Monitor humancapitalresearch.deloitte.com homepage",
                            "options_list.#": "1",
                            "options_list.0.accept_self_signed": "false",
                            "options_list.0.allow_insecure": "false",
                            "options_list.0.follow_redirects": "false",
                            "options_list.0.min_failure_duration": "120",
                            "options_list.0.min_location_failed": "5",
                            "options_list.0.monitor_name": "[Synthetics] Monitor humancapitalresearch.deloitte.com homepage",
                            "options_list.0.monitor_options.#": "1",
                            "options_list.0.monitor_options.0.renotify_interval": "60",
                            "options_list.0.monitor_priority": "1",
                            "options_list.0.no_screenshot": "false",
                            "options_list.0.retry.#": "1",
                            "options_list.0.retry.0.count": "2",
                            "options_list.0.retry.0.interval": "200",
                            "options_list.0.tick_every": "300",
                            "request_definition.#": "1",
                            "request_definition.0.body": "",
                            "request_definition.0.dns_server": "",
                            "request_definition.0.dns_server_port": "0",
                            "request_definition.0.host": "",
                            "request_definition.0.method": "GET",
                            "request_definition.0.no_saving_response_body": "false",
                            "request_definition.0.number_of_packets": "0",
                            "request_definition.0.port": "0",
                            "request_definition.0.should_track_hops": "false",
                            "request_definition.0.timeout": "0",
                            "request_definition.0.url": "https://humancapitalresearch.deloitte.com",
                            "request_headers.%": "0",
                            "request_query.%": "0",
                            "status": "live",
                            "subtype": "http",
                            "tags.#": "2",
                            "tags.0": "app:membersite",
                            "tags.1": "env:prod",
                            "type": "api"
                        },
                        "meta": {
                            "schema_version": 0
                        },
                        "tainted": false
                    },
                    "deposed": [],
                    "provider": "provider.datadog"
                },
                "datadog_synthetics_test.tfer--synthetics_mam-002D-vcw-002D-smf": {
                    "type": "datadog_synthetics_test",
                    "depends_on": [],
                    "primary": {
                        "id": "mam-vcw-smf",
                        "attributes": {
                            "assertion.#": "0",
                            "browser_step.#": "16",
                            "browser_step.0.allow_failure": "false",
                            "browser_step.0.force_element_update": "false",
                            "browser_step.0.name": "Type text on input #mb-auth-form-email",
                            "browser_step.0.params.#": "1",
                            "browser_step.0.params.0.attribute": "",
                            "browser_step.0.params.0.check": "",
                            "browser_step.0.params.0.click_type": "",
                            "browser_step.0.params.0.code": "",
                            "browser_step.0.params.0.delay": "0",
                            "browser_step.0.params.0.element": "{\"multiLocator\":{\"ab\":\"/*[local-name()=\\\"html\\\"][1]/*[local-name()=\\\"body\\\"][1]/*[local-name()=\\\"div\\\"][2]/*[local-name()=\\\"div\\\"][1]/*[local-name()=\\\"div\\\"][1]/*[local-name()=\\\"div\\\"][1]/*[local-name()=\\\"div\\\"][1]/*[local-name()=\\\"div\\\"][2]/*[local-name()=\\\"div\\\"][1]/*[local-name()=\\\"form\\\"][1]/*[local-name()=\\\"input\\\"][2]\",\"at\":\"/descendant::*[@name=\\\"userName\\\"]\",\"cl\":\"/descendant::*[contains(concat(' ', normalize-space(@class), ' '), \\\" mb-module-form-min \\\")]/*[local-name()=\\\"div\\\"][1]/*[local-name()=\\\"form\\\"][1]/*[local-name()=\\\"input\\\"][2]\",\"clt\":\"/descendant::*[contains(concat(' ', normalize-space(@class), ' '), \\\" mb-module-form-min \\\")]/*[local-name()=\\\"div\\\"][1]/*[local-name()=\\\"form\\\"][1]/*[local-name()=\\\"input\\\"][2]\",\"co\":\"[{\\\"text\\\":\\\"business email\\\",\\\"textType\\\":\\\"placeholder\\\"}]\",\"ro\":\"//*[@id=\\\"mb-auth-form-email\\\"]\"},\"targetOuterHTML\":\"\\u003cinput id=\\\"mb-auth-form-email\\\" name=\\\"userName\\\" spellcheck=\\\"false\\\" autocapitalize=\\\"none\\\" type=\\\"email\\\"\",\"url\":\"https://humancapitalresearch.deloitte.com/login/\"}",
                            "browser_step.0.params.0.email": "",
                            "browser_step.0.params.0.file": "",
                            "browser_step.0.params.0.files": "",
                            "browser_step.0.params.0.modifiers.#": "0",
                            "browser_step.0.params.0.playing_tab_id": "",
                            "browser_step.0.params.0.request": "",
                            "browser_step.0.params.0.subtest_public_id": "",
                            "browser_step.0.params.0.value": "preftest@bersinpreftest.com",
                            "browser_step.0.params.0.variable.#": "0",
                            "browser_step.0.params.0.with_click": "false",
                            "browser_step.0.params.0.x": "0",
                            "browser_step.0.params.0.y": "0",
                            "browser_step.0.timeout": "0",
                            "browser_step.0.type": "typeText",
                            "browser_step.1.allow_failure": "false",
                            "browser_step.1.force_element_update": "false",
                            "browser_step.1.name": "Click on div #mb-auth-form-submit",
                            "browser_step.1.params.#": "1",
                            "browser_step.1.params.0.attribute": "",
                            "browser_step.1.params.0.check": "",
                            "browser_step.1.params.0.click_type": "",
                            "browser_step.1.params.0.code": "",
                            "browser_step.1.params.0.delay": "0",
                            "browser_step.1.params.0.element": "{\"multiLocator\":{\"ab\":\"/*[local-name()=\\\"html\\\"][1]/*[local-name()=\\\"body\\\"][1]/*[local-name()=\\\"div\\\"][2]/*[local-name()=\\\"div\\\"][1]/*[local-name()=\\\"div\\\"][1]/*[local-name()=\\\"div\\\"][1]/*[local-name()=\\\"div\\\"][1]/*[local-name()=\\\"div\\\"][2]/*[local-name()=\\\"div\\\"][1]/*[local-name()=\\\"form\\\"][1]/*[local-name()=\\\"div\\\"][7]/*[local-name()=\\\"div\\\"][2]\",\"at\":\"/descendant::*[@enctype=\\\"application/x-www-form-urlencoded\\\"]/*[local-name()=\\\"div\\\"][7]/*[local-name()=\\\"div\\\"][2]\",\"cl\":\"/descendant::*[contains(concat(' ', normalize-space(@class), ' '), \\\" mb-button-group \\\")]/descendant::*[contains(concat(' ', normalize-space(@class), ' '), \\\" mb-button \\\")][1]\",\"clt\":\"/descendant::*[contains(concat(' ', normalize-space(@class), ' '), \\\" mb-button-group \\\")]/descendant::*[contains(concat(' ', normalize-space(@class), ' '), \\\" mb-button \\\")][1]\",\"co\":\"\",\"ro\":\"//*[@id=\\\"mb-auth-form-submit\\\"]\"},\"targetOuterHTML\":\"\\u003cdiv id=\\\"mb-auth-form-submit\\\" class=\\\"mb-button\\\"\\u003e\\u003c/div\\u003e\",\"url\":\"https://humancapitalresearch.deloitte.com/login/\"}",
                            "browser_step.1.params.0.email": "",
                            "browser_step.1.params.0.file": "",
                            "browser_step.1.params.0.files": "",
                            "browser_step.1.params.0.modifiers.#": "0",
                            "browser_step.1.params.0.playing_tab_id": "",
                            "browser_step.1.params.0.request": "",
                            "browser_step.1.params.0.subtest_public_id": "",
                            "browser_step.1.params.0.value": "",
                            "browser_step.1.params.0.variable.#": "0",
                            "browser_step.1.params.0.with_click": "false",
                            "browser_step.1.params.0.x": "0",
                            "browser_step.1.params.0.y": "0",
                            "browser_step.1.timeout": "0",
                            "browser_step.1.type": "click",
                            "browser_step.10.allow_failure": "false",
                            "browser_step.10.force_element_update": "false",
                            "browser_step.10.name": "Click on button #mb-clear-search",
                            "browser_step.10.params.#": "1",
                            "browser_step.10.params.0.attribute": "",
                            "browser_step.10.params.0.check": "",
                            "browser_step.10.params.0.click_type": "",
                            "browser_step.10.params.0.code": "",
                            "browser_step.10.params.0.delay": "0",
                            "browser_step.10.params.0.element": "{\"multiLocator\":{\"ab\":\"/*[local-name()=\\\"html\\\"][1]/*[local-name()=\\\"body\\\"][1]/*[local-name()=\\\"div\\\"][2]/*[local-name()=\\\"header\\\"][1]/*[local-name()=\\\"div\\\"][1]/*[local-name()=\\\"div\\\"][1]/*[local-name()=\\\"div\\\"][5]/*[local-name()=\\\"form\\\"][1]/*[local-name()=\\\"div\\\"][1]/*[local-name()=\\\"div\\\"][1]/*[local-name()=\\\"button\\\"][1]\",\"at\":\"/descendant::*[@action=\\\"/search/\\\"]/*[local-name()=\\\"div\\\"][1]/*[local-name()=\\\"div\\\"][1]/*[local-name()=\\\"button\\\"][1]\",\"cl\":\"/descendant::*[contains(concat(' ', normalize-space(@class), ' '), \\\" mb-search-icon-off-close-blue \\\")]\",\"clt\":\"/descendant::*[contains(concat(' ', normalize-space(@class), ' '), \\\" mb-search-icon-off-close-blue \\\")]\",\"co\":\"\",\"ro\":\"//*[@id=\\\"mb-clear-search\\\"]\"},\"targetOuterHTML\":\"\\u003cbutton class=\\\"mb-search-icon-off mb-search-icon-off-close-blue\\\" id=\\\"mb-clear-search\\\"\\u003e\\u003c/button\\u003e\",\"url\":\"https://humancapitalresearch.deloitte.com/search/?q=leadership\"}",
                            "browser_step.10.params.0.email": "",
                            "browser_step.10.params.0.file": "",
                            "browser_step.10.params.0.files": "",
                            "browser_step.10.params.0.modifiers.#": "0",
                            "browser_step.10.params.0.playing_tab_id": "",
                            "browser_step.10.params.0.request": "",
                            "browser_step.10.params.0.subtest_public_id": "",
                            "browser_step.10.params.0.value": "",
                            "browser_step.10.params.0.variable.#": "0",
                            "browser_step.10.params.0.with_click": "false",
                            "browser_step.10.params.0.x": "0",
                            "browser_step.10.params.0.y": "0",
                            "browser_step.10.timeout": "0",
                            "browser_step.10.type": "click",
                            "browser_step.11.allow_failure": "false",
                            "browser_step.11.force_element_update": "false",
                            "browser_step.11.name": "Type text on input #mb-header-search-input-box",
                            "browser_step.11.params.#": "1",
                            "browser_step.11.params.0.attribute": "",
                            "browser_step.11.params.0.check": "",
                            "browser_step.11.params.0.click_type": "",
                            "browser_step.11.params.0.code": "",
                            "browser_step.11.params.0.delay": "0",
                            "browser_step.11.params.0.element": "{\"multiLocator\":{\"ab\":\"/*[local-name()=\\\"html\\\"][1]/*[local-name()=\\\"body\\\"][1]/*[local-name()=\\\"div\\\"][2]/*[local-name()=\\\"header\\\"][1]/*[local-name()=\\\"div\\\"][1]/*[local-name()=\\\"div\\\"][1]/*[local-name()=\\\"div\\\"][5]/*[local-name()=\\\"form\\\"][1]/*[local-name()=\\\"div\\\"][1]/*[local-name()=\\\"div\\\"][1]/*[local-name()=\\\"input\\\"][1]\",\"at\":\"/descendant::*[@name=\\\"q\\\"]\",\"cl\":\"/descendant::*[contains(concat(' ', normalize-space(@class), ' '), \\\" mb-search-header-input-box \\\")]\",\"clt\":\"/descendant::*[contains(concat(' ', normalize-space(@class), ' '), \\\" mb-search-header-input-box \\\")]\",\"co\":\"[{\\\"text\\\":\\\"search\\\",\\\"textType\\\":\\\"placeholder\\\"},{\\\"relation\\\":\\\"BEFORE\\\",\\\"tagName\\\":\\\"DIV\\\",\\\"text\\\":\\\" my reading list my activity program manager account settings log out \\\",\\\"textType\\\":\\\"innerText\\\"}]\",\"ro\":\"//*[@id=\\\"mb-header-search-input-box\\\"]\"},\"targetOuterHTML\":\"\\u003cinput type=\\\"text\\\" name=\\\"q\\\" autocomplete=\\\"off\\\" style=\\\"\\\" id=\\\"mb-header-search-input-box\\\" value=\\\"leade\",\"url\":\"https://humancapitalresearch.deloitte.com/search/?q=leadership\"}",
                            "browser_step.11.params.0.email": "",
                            "browser_step.11.params.0.file": "",
                            "browser_step.11.params.0.files": "",
                            "browser_step.11.params.0.modifiers.#": "0",
                            "browser_step.11.params.0.playing_tab_id": "",
                            "browser_step.11.params.0.request": "",
                            "browser_step.11.params.0.subtest_public_id": "",
                            "browser_step.11.params.0.value": "Research Methodology for Talent Strategies in the Mid-Market",
                            "browser_step.11.params.0.variable.#": "0",
                            "browser_step.11.params.0.with_click": "false",
                            "browser_step.11.params.0.x": "0",
                            "browser_step.11.params.0.y": "0",
                            "browser_step.11.timeout": "0",
                            "browser_step.11.type": "typeText",
                            "browser_step.12.allow_failure": "false",
                            "browser_step.12.force_element_update": "false",
                            "browser_step.12.name": "Click on button #mb-search-icon-button",
                            "browser_step.12.params.#": "1",
                            "browser_step.12.params.0.attribute": "",
                            "browser_step.12.params.0.check": "",
                            "browser_step.12.params.0.click_type": "",
                            "browser_step.12.params.0.code": "",
                            "browser_step.12.params.0.delay": "0",
                            "browser_step.12.params.0.element": "{\"multiLocator\":{\"ab\":\"/*[local-name()=\\\"html\\\"][1]/*[local-name()=\\\"body\\\"][1]/*[local-name()=\\\"div\\\"][2]/*[local-name()=\\\"header\\\"][1]/*[local-name()=\\\"div\\\"][1]/*[local-name()=\\\"div\\\"][1]/*[local-name()=\\\"div\\\"][5]/*[local-name()=\\\"form\\\"][1]/*[local-name()=\\\"div\\\"][1]/*[local-name()=\\\"div\\\"][2]/*[local-name()=\\\"button\\\"][1]\",\"at\":\"/descendant::*[@action=\\\"/search/\\\"]/*[local-name()=\\\"div\\\"][1]/*[local-name()=\\\"div\\\"][2]/*[local-name()=\\\"button\\\"][1]\",\"cl\":\"/descendant::*[contains(concat(' ', normalize-space(@class), ' '), \\\" mb-header-search-icon-before \\\")]\",\"clt\":\"/descendant::*[contains(concat(' ', normalize-space(@class), ' '), \\\" mb-header-search-icon-before \\\")]\",\"co\":\"\",\"ro\":\"//*[@id=\\\"mb-search-icon-button\\\"]\"},\"targetOuterHTML\":\"\\u003cbutton class=\\\"mb-search-icon-off mb-header-search-icon-before mb-search-icon-off-close\\\" id=\\\"mb-sear\",\"url\":\"https://humancapitalresearch.deloitte.com/search/?q=leadership\"}",
                            "browser_step.12.params.0.email": "",
                            "browser_step.12.params.0.file": "",
                            "browser_step.12.params.0.files": "",
                            "browser_step.12.params.0.modifiers.#": "0",
                            "browser_step.12.params.0.playing_tab_id": "",
                            "browser_step.12.params.0.request": "",
                            "browser_step.12.params.0.subtest_public_id": "",
                            "browser_step.12.params.0.value": "",
                            "browser_step.12.params.0.variable.#": "0",
                            "browser_step.12.params.0.with_click": "false",
                            "browser_step.12.params.0.x": "0",
                            "browser_step.12.params.0.y": "0",
                            "browser_step.12.timeout": "0",
                            "browser_step.12.type": "click",
                            "browser_step.13.allow_failure": "false",
                            "browser_step.13.force_element_update": "false",
                            "browser_step.13.name": "Click on link \"Research Methodology for ...\"",
                            "browser_step.13.params.#": "1",
                            "browser_step.13.params.0.attribute": "",
                            "browser_step.13.params.0.check": "",
                            "browser_step.13.params.0.click_type": "",
                            "browser_step.13.params.0.code": "",
                            "browser_step.13.params.0.delay": "0",
                            "browser_step.13.params.0.element": "{\"multiLocator\":{\"ab\":\"/*[local-name()=\\\"html\\\"][1]/*[local-name()=\\\"body\\\"][1]/*[local-name()=\\\"div\\\"][2]/*[local-name()=\\\"div\\\"][2]/*[local-name()=\\\"div\\\"][1]/*[local-name()=\\\"div\\\"][1]/*[local-name()=\\\"div\\\"][1]/*[local-name()=\\\"div\\\"][1]/*[local-name()=\\\"div\\\"][5]/*[local-name()=\\\"div\\\"][2]/*[local-name()=\\\"div\\\"][4]/*[local-name()=\\\"div\\\"][4]/*[local-name()=\\\"div\\\"][1]/*[local-name()=\\\"div\\\"][1]/*[local-name()=\\\"div\\\"][1]/*[local-name()=\\\"div\\\"][2]/*[local-name()=\\\"div\\\"][1]/*[local-name()=\\\"a\\\"][1]\",\"at\":\"/descendant::*[@href=\\\"/article/research-methodology-for-talent-strategies-in-the-mid-market-2414\\\"]\",\"cl\":\"/descendant::*[contains(concat(' ', normalize-space(@class), ' '), \\\" mb-search-row-article-title \\\")]/*[local-name()=\\\"a\\\"][1]\",\"clt\":\"/descendant::*[contains(concat(' ', normalize-space(@class), ' '), \\\" mb-search-row-article-title \\\")]/descendant::*[text()[normalize-space(translate(., 'ABCDEFGHIJKLMNOPQRSTUVWXYZÀÁÂÃÄÅÆÇÈÉÊËÌÍÎÏÐÑÒÓÔÕÖØÙÚÛÜÝÞŸŽŠŒ', 'abcdefghijklmnopqrstuvwxyzàáâãäåæçèéêëìíîïðñòóôõöøùúûüýþÿžšœ')) = \\\"research methodology for talent strategies in the mid-market\\\"]]\",\"co\":\"[{\\\"text\\\":\\\"research methodology for talent strategies in the mid-market\\\",\\\"textType\\\":\\\"directText\\\"}]\",\"ro\":\"//*[text()[normalize-space(translate(., 'ABCDEFGHIJKLMNOPQRSTUVWXYZÀÁÂÃÄÅÆÇÈÉÊËÌÍÎÏÐÑÒÓÔÕÖØÙÚÛÜÝÞŸŽŠŒ', 'abcdefghijklmnopqrstuvwxyzàáâãäåæçèéêëìíîïðñòóôõöøùúûüýþÿžšœ')) = \\\"research methodology for talent strategies in the mid-market\\\"]]\"},\"targetOuterHTML\":\"\\u003ca data-article-id=\\\"2414\\\" href=\\\"/article/research-methodology-for-talent-strategies-in-the-mid-marke\",\"url\":\"https://humancapitalresearch.deloitte.com/search/?q=Research+Methodology+for+Talent+Strategies+in+the+Mid-Market\"}",
                            "browser_step.13.params.0.email": "",
                            "browser_step.13.params.0.file": "",
                            "browser_step.13.params.0.files": "",
                            "browser_step.13.params.0.modifiers.#": "0",
                            "browser_step.13.params.0.playing_tab_id": "",
                            "browser_step.13.params.0.request": "",
                            "browser_step.13.params.0.subtest_public_id": "",
                            "browser_step.13.params.0.value": "",
                            "browser_step.13.params.0.variable.#": "0",
                            "browser_step.13.params.0.with_click": "false",
                            "browser_step.13.params.0.x": "0",
                            "browser_step.13.params.0.y": "0",
                            "browser_step.13.timeout": "0",
                            "browser_step.13.type": "click",
                            "browser_step.14.allow_failure": "false",
                            "browser_step.14.force_element_update": "false",
                            "browser_step.14.name": "Click on div #mb-header-apps-dots",
                            "browser_step.14.params.#": "1",
                            "browser_step.14.params.0.attribute": "",
                            "browser_step.14.params.0.check": "",
                            "browser_step.14.params.0.click_type": "",
                            "browser_step.14.params.0.code": "",
                            "browser_step.14.params.0.delay": "0",
                            "browser_step.14.params.0.element": "{\"multiLocator\":{\"ab\":\"/*[local-name()=\\\"html\\\"][1]/*[local-name()=\\\"header\\\"][1]/*[local-name()=\\\"div\\\"][1]/*[local-name()=\\\"div\\\"][1]/*[local-name()=\\\"div\\\"][2]\",\"at\":\"/*[local-name()=\\\"html\\\"]/*[local-name()=\\\"body\\\"]/*[local-name()=\\\"html\\\"][1]/*[local-name()=\\\"header\\\"][1]/*[local-name()=\\\"div\\\"][1]/*[local-name()=\\\"div\\\"][1]/*[local-name()=\\\"div\\\"][2]\",\"cl\":\"/descendant::*[contains(concat(' ', normalize-space(@class), ' '), \\\" navbar-header \\\")]/*[local-name()=\\\"div\\\"][2]\",\"clt\":\"/descendant::*[contains(concat(' ', normalize-space(@class), ' '), \\\" navbar-header \\\")]/*[local-name()=\\\"div\\\"][2]\",\"co\":\"\",\"ro\":\"//*[@id=\\\"mb-header-apps-dots\\\"]\"},\"targetOuterHTML\":\"\\u003cdiv id=\\\"mb-header-apps-dots\\\" class=\\\"mb-hide\\\"\\u003e\\t\\u003cdiv class=\\\"mb-membership-tooltip-container mb-hide\\\"\\u003e\",\"url\":\"https://humancapitalresearch.deloitte.com/article/research-methodology-for-talent-strategies-in-the-mid-market-2414/\"}",
                            "browser_step.14.params.0.email": "",
                            "browser_step.14.params.0.file": "",
                            "browser_step.14.params.0.files": "",
                            "browser_step.14.params.0.modifiers.#": "0",
                            "browser_step.14.params.0.playing_tab_id": "",
                            "browser_step.14.params.0.request": "",
                            "browser_step.14.params.0.subtest_public_id": "",
                            "browser_step.14.params.0.value": "",
                            "browser_step.14.params.0.variable.#": "0",
                            "browser_step.14.params.0.with_click": "false",
                            "browser_step.14.params.0.x": "0",
                            "browser_step.14.params.0.y": "0",
                            "browser_step.14.timeout": "0",
                            "browser_step.14.type": "click",
                            "browser_step.15.allow_failure": "false",
                            "browser_step.15.force_element_update": "false",
                            "browser_step.15.name": "Click on link #mb-header-menu-logout",
                            "browser_step.15.params.#": "1",
                            "browser_step.15.params.0.attribute": "",
                            "browser_step.15.params.0.check": "",
                            "browser_step.15.params.0.click_type": "",
                            "browser_step.15.params.0.code": "",
                            "browser_step.15.params.0.delay": "0",
                            "browser_step.15.params.0.element": "{\"multiLocator\":{\"ab\":\"/*[local-name()=\\\"html\\\"][1]/*[local-name()=\\\"header\\\"][1]/*[local-name()=\\\"div\\\"][2]/*[local-name()=\\\"div\\\"][1]/*[local-name()=\\\"div\\\"][1]/*[local-name()=\\\"div\\\"][6]/*[local-name()=\\\"a\\\"][1]\",\"at\":\"/*[local-name()=\\\"html\\\"]/*[local-name()=\\\"body\\\"]/*[local-name()=\\\"html\\\"][1]/*[local-name()=\\\"header\\\"][1]/*[local-name()=\\\"div\\\"][2]/*[local-name()=\\\"div\\\"][1]/*[local-name()=\\\"div\\\"][1]/*[local-name()=\\\"div\\\"][6]/*[local-name()=\\\"a\\\"][1]\",\"cl\":\"/descendant::*[contains(concat(' ', normalize-space(@class), ' '), \\\" mb-has-apps \\\")]/*[local-name()=\\\"div\\\"][2]/*[local-name()=\\\"div\\\"][1]/*[local-name()=\\\"div\\\"][1]/*[local-name()=\\\"div\\\"][6]/*[local-name()=\\\"a\\\"][1]\",\"clt\":\"/descendant::*[contains(concat(' ', normalize-space(@class), ' '), \\\" mb-has-apps \\\")]/descendant::*[text()[normalize-space(translate(., 'ABCDEFGHIJKLMNOPQRSTUVWXYZÀÁÂÃÄÅÆÇÈÉÊËÌÍÎÏÐÑÒÓÔÕÖØÙÚÛÜÝÞŸŽŠŒ', 'abcdefghijklmnopqrstuvwxyzàáâãäåæçèéêëìíîïðñòóôõöøùúûüýþÿžšœ')) = \\\"log out\\\"]]\",\"co\":\"\",\"ro\":\"//*[@id=\\\"mb-header-menu-logout\\\"]\"},\"targetOuterHTML\":\"\\u003ca id=\\\"mb-header-menu-logout\\\" href=\\\"//www.bersin.com/Logout.aspx\\\"\\u003eLog out\\u003c/a\\u003e\",\"url\":\"https://humancapitalresearch.deloitte.com/article/research-methodology-for-talent-strategies-in-the-mid-market-2414/\"}",
                            "browser_step.15.params.0.email": "",
                            "browser_step.15.params.0.file": "",
                            "browser_step.15.params.0.files": "",
                            "browser_step.15.params.0.modifiers.#": "0",
                            "browser_step.15.params.0.playing_tab_id": "",
                            "browser_step.15.params.0.request": "",
                            "browser_step.15.params.0.subtest_public_id": "",
                            "browser_step.15.params.0.value": "",
                            "browser_step.15.params.0.variable.#": "0",
                            "browser_step.15.params.0.with_click": "false",
                            "browser_step.15.params.0.x": "0",
                            "browser_step.15.params.0.y": "0",
                            "browser_step.15.timeout": "0",
                            "browser_step.15.type": "click",
                            "browser_step.2.allow_failure": "false",
                            "browser_step.2.force_element_update": "false",
                            "browser_step.2.name": "Type text on input #mb-auth-form-password",
                            "browser_step.2.params.#": "1",
                            "browser_step.2.params.0.attribute": "",
                            "browser_step.2.params.0.check": "",
                            "browser_step.2.params.0.click_type": "",
                            "browser_step.2.params.0.code": "",
                            "browser_step.2.params.0.delay": "0",
                            "browser_step.2.params.0.element": "{\"multiLocator\":{\"ab\":\"/*[local-name()=\\\"html\\\"][1]/*[local-name()=\\\"body\\\"][1]/*[local-name()=\\\"div\\\"][2]/*[local-name()=\\\"div\\\"][1]/*[local-name()=\\\"div\\\"][1]/*[local-name()=\\\"div\\\"][1]/*[local-name()=\\\"div\\\"][1]/*[local-name()=\\\"div\\\"][2]/*[local-name()=\\\"div\\\"][1]/*[local-name()=\\\"form\\\"][1]/*[local-name()=\\\"div\\\"][1]/*[local-name()=\\\"input\\\"][1]\",\"at\":\"/descendant::*[@placeholder=\\\"Password\\\"]\",\"cl\":\"/descendant::*[contains(concat(' ', normalize-space(@class), ' '), \\\" mb-module-form-min \\\")]/descendant::*[contains(concat(' ', normalize-space(@class), ' '), \\\" mb-auth-form-pw-ctn \\\")][1]/*[local-name()=\\\"input\\\"][1]\",\"clt\":\"/descendant::*[contains(concat(' ', normalize-space(@class), ' '), \\\" mb-module-form-min \\\")]/descendant::*[contains(concat(' ', normalize-space(@class), ' '), \\\" mb-auth-form-pw-ctn \\\")][1]/*[local-name()=\\\"input\\\"][1]\",\"co\":\"[{\\\"text\\\":\\\"password\\\",\\\"textType\\\":\\\"placeholder\\\"}]\",\"ro\":\"//*[@id=\\\"mb-auth-form-password\\\"]\"},\"targetOuterHTML\":\"\\u003cinput id=\\\"mb-auth-form-password\\\" name=\\\"password\\\" type=\\\"password\\\" placeholder=\\\"Password\\\" autocomplet\",\"url\":\"https://humancapitalresearch.deloitte.com/login/\"}",
                            "browser_step.2.params.0.email": "",
                            "browser_step.2.params.0.file": "",
                            "browser_step.2.params.0.files": "",
                            "browser_step.2.params.0.modifiers.#": "0",
                            "browser_step.2.params.0.playing_tab_id": "",
                            "browser_step.2.params.0.request": "",
                            "browser_step.2.params.0.subtest_public_id": "",
                            "browser_step.2.params.0.value": "Nopassword@321",
                            "browser_step.2.params.0.variable.#": "0",
                            "browser_step.2.params.0.with_click": "false",
                            "browser_step.2.params.0.x": "0",
                            "browser_step.2.params.0.y": "0",
                            "browser_step.2.timeout": "0",
                            "browser_step.2.type": "typeText",
                            "browser_step.3.allow_failure": "false",
                            "browser_step.3.force_element_update": "false",
                            "browser_step.3.name": "Click on div #mb-auth-form-submit",
                            "browser_step.3.params.#": "1",
                            "browser_step.3.params.0.attribute": "",
                            "browser_step.3.params.0.check": "",
                            "browser_step.3.params.0.click_type": "",
                            "browser_step.3.params.0.code": "",
                            "browser_step.3.params.0.delay": "0",
                            "browser_step.3.params.0.element": "{\"multiLocator\":{\"ab\":\"/*[local-name()=\\\"html\\\"][1]/*[local-name()=\\\"body\\\"][1]/*[local-name()=\\\"div\\\"][2]/*[local-name()=\\\"div\\\"][1]/*[local-name()=\\\"div\\\"][1]/*[local-name()=\\\"div\\\"][1]/*[local-name()=\\\"div\\\"][1]/*[local-name()=\\\"div\\\"][2]/*[local-name()=\\\"div\\\"][1]/*[local-name()=\\\"form\\\"][1]/*[local-name()=\\\"div\\\"][7]/*[local-name()=\\\"div\\\"][2]\",\"at\":\"/descendant::*[@enctype=\\\"application/x-www-form-urlencoded\\\"]/*[local-name()=\\\"div\\\"][7]/*[local-name()=\\\"div\\\"][2]\",\"cl\":\"/descendant::*[contains(concat(' ', normalize-space(@class), ' '), \\\" mb-button-group \\\")]/descendant::*[contains(concat(' ', normalize-space(@class), ' '), \\\" mb-button \\\")][1]\",\"clt\":\"/descendant::*[contains(concat(' ', normalize-space(@class), ' '), \\\" mb-button-group \\\")]/descendant::*[contains(concat(' ', normalize-space(@class), ' '), \\\" mb-button \\\")][1]\",\"co\":\"\",\"ro\":\"//*[@id=\\\"mb-auth-form-submit\\\"]\"},\"targetOuterHTML\":\"\\u003cdiv id=\\\"mb-auth-form-submit\\\" class=\\\"mb-button\\\"\\u003e\\u003c/div\\u003e\",\"url\":\"https://humancapitalresearch.deloitte.com/login/\"}",
                            "browser_step.3.params.0.email": "",
                            "browser_step.3.params.0.file": "",
                            "browser_step.3.params.0.files": "",
                            "browser_step.3.params.0.modifiers.#": "0",
                            "browser_step.3.params.0.playing_tab_id": "",
                            "browser_step.3.params.0.request": "",
                            "browser_step.3.params.0.subtest_public_id": "",
                            "browser_step.3.params.0.value": "",
                            "browser_step.3.params.0.variable.#": "0",
                            "browser_step.3.params.0.with_click": "false",
                            "browser_step.3.params.0.x": "0",
                            "browser_step.3.params.0.y": "0",
                            "browser_step.3.timeout": "0",
                            "browser_step.3.type": "click",
                            "browser_step.4.allow_failure": "false",
                            "browser_step.4.force_element_update": "false",
                            "browser_step.4.name": "Click on button #mb-search-icon-button",
                            "browser_step.4.params.#": "1",
                            "browser_step.4.params.0.attribute": "",
                            "browser_step.4.params.0.check": "",
                            "browser_step.4.params.0.click_type": "",
                            "browser_step.4.params.0.code": "",
                            "browser_step.4.params.0.delay": "0",
                            "browser_step.4.params.0.element": "{\"multiLocator\":{\"ab\":\"/*[local-name()=\\\"html\\\"][1]/*[local-name()=\\\"body\\\"][1]/*[local-name()=\\\"div\\\"][2]/*[local-name()=\\\"header\\\"][1]/*[local-name()=\\\"div\\\"][1]/*[local-name()=\\\"div\\\"][1]/*[local-name()=\\\"div\\\"][5]/*[local-name()=\\\"form\\\"][1]/*[local-name()=\\\"div\\\"][1]/*[local-name()=\\\"div\\\"][2]/*[local-name()=\\\"button\\\"][1]\",\"at\":\"/descendant::*[@action=\\\"/search/\\\"]/*[local-name()=\\\"div\\\"][1]/*[local-name()=\\\"div\\\"][2]/*[local-name()=\\\"button\\\"][1]\",\"cl\":\"/descendant::*[contains(concat(' ', normalize-space(@class), ' '), \\\" mb-header-search-icon-before \\\")]\",\"clt\":\"/descendant::*[contains(concat(' ', normalize-space(@class), ' '), \\\" mb-header-search-icon-before \\\")]\",\"co\":\"\",\"ro\":\"//*[@id=\\\"mb-search-icon-button\\\"]\"},\"targetOuterHTML\":\"\\u003cbutton class=\\\"mb-search-icon-off mb-header-search-icon-before\\\" id=\\\"mb-search-icon-button\\\"\\u003e\\u003c/button\\u003e\",\"url\":\"https://humancapitalresearch.deloitte.com/\"}",
                            "browser_step.4.params.0.email": "",
                            "browser_step.4.params.0.file": "",
                            "browser_step.4.params.0.files": "",
                            "browser_step.4.params.0.modifiers.#": "0",
                            "browser_step.4.params.0.playing_tab_id": "",
                            "browser_step.4.params.0.request": "",
                            "browser_step.4.params.0.subtest_public_id": "",
                            "browser_step.4.params.0.value": "",
                            "browser_step.4.params.0.variable.#": "0",
                            "browser_step.4.params.0.with_click": "false",
                            "browser_step.4.params.0.x": "0",
                            "browser_step.4.params.0.y": "0",
                            "browser_step.4.timeout": "0",
                            "browser_step.4.type": "click",
                            "browser_step.5.allow_failure": "false",
                            "browser_step.5.force_element_update": "false",
                            "browser_step.5.name": "Type text on input #mb-header-search-input-box",
                            "browser_step.5.params.#": "1",
                            "browser_step.5.params.0.attribute": "",
                            "browser_step.5.params.0.check": "",
                            "browser_step.5.params.0.click_type": "",
                            "browser_step.5.params.0.code": "",
                            "browser_step.5.params.0.delay": "0",
                            "browser_step.5.params.0.element": "{\"multiLocator\":{\"ab\":\"/*[local-name()=\\\"html\\\"][1]/*[local-name()=\\\"body\\\"][1]/*[local-name()=\\\"div\\\"][2]/*[local-name()=\\\"header\\\"][1]/*[local-name()=\\\"div\\\"][1]/*[local-name()=\\\"div\\\"][1]/*[local-name()=\\\"div\\\"][5]/*[local-name()=\\\"form\\\"][1]/*[local-name()=\\\"div\\\"][1]/*[local-name()=\\\"div\\\"][1]/*[local-name()=\\\"input\\\"][1]\",\"at\":\"/descendant::*[@name=\\\"q\\\"]\",\"cl\":\"/descendant::*[contains(concat(' ', normalize-space(@class), ' '), \\\" mb-search-header-input-box \\\")]\",\"clt\":\"/descendant::*[contains(concat(' ', normalize-space(@class), ' '), \\\" mb-search-header-input-box \\\")]\",\"co\":\"[{\\\"text\\\":\\\"search\\\",\\\"textType\\\":\\\"placeholder\\\"}]\",\"ro\":\"//*[@id=\\\"mb-header-search-input-box\\\"]\"},\"targetOuterHTML\":\"\\u003cinput type=\\\"text\\\" name=\\\"q\\\" autocomplete=\\\"off\\\" style=\\\"\\\" id=\\\"mb-header-search-input-box\\\" value=\\\"\\\" cla\",\"url\":\"https://humancapitalresearch.deloitte.com/\"}",
                            "browser_step.5.params.0.email": "",
                            "browser_step.5.params.0.file": "",
                            "browser_step.5.params.0.files": "",
                            "browser_step.5.params.0.modifiers.#": "0",
                            "browser_step.5.params.0.playing_tab_id": "",
                            "browser_step.5.params.0.request": "",
                            "browser_step.5.params.0.subtest_public_id": "",
                            "browser_step.5.params.0.value": "leadership",
                            "browser_step.5.params.0.variable.#": "0",
                            "browser_step.5.params.0.with_click": "false",
                            "browser_step.5.params.0.x": "0",
                            "browser_step.5.params.0.y": "0",
                            "browser_step.5.timeout": "0",
                            "browser_step.5.type": "typeText",
                            "browser_step.6.allow_failure": "false",
                            "browser_step.6.force_element_update": "false",
                            "browser_step.6.name": "Click on button #mb-search-icon-button",
                            "browser_step.6.params.#": "1",
                            "browser_step.6.params.0.attribute": "",
                            "browser_step.6.params.0.check": "",
                            "browser_step.6.params.0.click_type": "",
                            "browser_step.6.params.0.code": "",
                            "browser_step.6.params.0.delay": "0",
                            "browser_step.6.params.0.element": "{\"multiLocator\":{\"ab\":\"/*[local-name()=\\\"html\\\"][1]/*[local-name()=\\\"body\\\"][1]/*[local-name()=\\\"div\\\"][2]/*[local-name()=\\\"header\\\"][1]/*[local-name()=\\\"div\\\"][1]/*[local-name()=\\\"div\\\"][1]/*[local-name()=\\\"div\\\"][5]/*[local-name()=\\\"form\\\"][1]/*[local-name()=\\\"div\\\"][1]/*[local-name()=\\\"div\\\"][2]/*[local-name()=\\\"button\\\"][1]\",\"at\":\"/descendant::*[@action=\\\"/search/\\\"]/*[local-name()=\\\"div\\\"][1]/*[local-name()=\\\"div\\\"][2]/*[local-name()=\\\"button\\\"][1]\",\"cl\":\"/descendant::*[contains(concat(' ', normalize-space(@class), ' '), \\\" mb-header-search-icon-before \\\")]\",\"clt\":\"/descendant::*[contains(concat(' ', normalize-space(@class), ' '), \\\" mb-header-search-icon-before \\\")]\",\"co\":\"\",\"ro\":\"//*[@id=\\\"mb-search-icon-button\\\"]\"},\"targetOuterHTML\":\"\\u003cbutton class=\\\"mb-search-icon-off mb-header-search-icon-before mb-search-icon-off-close\\\" id=\\\"mb-sear\",\"url\":\"https://humancapitalresearch.deloitte.com/\"}",
                            "browser_step.6.params.0.email": "",
                            "browser_step.6.params.0.file": "",
                            "browser_step.6.params.0.files": "",
                            "browser_step.6.params.0.modifiers.#": "0",
                            "browser_step.6.params.0.playing_tab_id": "",
                            "browser_step.6.params.0.request": "",
                            "browser_step.6.params.0.subtest_public_id": "",
                            "browser_step.6.params.0.value": "",
                            "browser_step.6.params.0.variable.#": "0",
                            "browser_step.6.params.0.with_click": "false",
                            "browser_step.6.params.0.x": "0",
                            "browser_step.6.params.0.y": "0",
                            "browser_step.6.timeout": "0",
                            "browser_step.6.type": "click",
                            "browser_step.7.allow_failure": "false",
                            "browser_step.7.force_element_update": "false",
                            "browser_step.7.name": "Type text on input #mb-body-search-input-box",
                            "browser_step.7.params.#": "1",
                            "browser_step.7.params.0.attribute": "",
                            "browser_step.7.params.0.check": "",
                            "browser_step.7.params.0.click_type": "",
                            "browser_step.7.params.0.code": "",
                            "browser_step.7.params.0.delay": "0",
                            "browser_step.7.params.0.element": "{\"multiLocator\":{\"ab\":\"/*[local-name()=\\\"html\\\"][1]/*[local-name()=\\\"body\\\"][1]/*[local-name()=\\\"div\\\"][2]/*[local-name()=\\\"div\\\"][2]/*[local-name()=\\\"div\\\"][1]/*[local-name()=\\\"div\\\"][1]/*[local-name()=\\\"div\\\"][1]/*[local-name()=\\\"div\\\"][1]/*[local-name()=\\\"div\\\"][1]/*[local-name()=\\\"form\\\"][1]/*[local-name()=\\\"div\\\"][1]/*[local-name()=\\\"input\\\"][1]\",\"at\":\"/descendant::*[@name=\\\"q\\\" and @value=\\\"\\\"]\",\"cl\":\"/descendant::*[contains(concat(' ', normalize-space(@class), ' '), \\\" mb-search-body-input-box \\\")]\",\"clt\":\"/descendant::*[contains(concat(' ', normalize-space(@class), ' '), \\\" mb-search-body-input-box \\\")]\",\"co\":\"[{\\\"text\\\":\\\"search\\\",\\\"textType\\\":\\\"placeholder\\\"},{\\\"relation\\\":\\\"BEFORE\\\",\\\"tagName\\\":\\\"BUTTON\\\",\\\"text\\\":\\\" scope exact phrase title only \\\",\\\"textType\\\":\\\"innerText\\\"}]\",\"ro\":\"//*[@id=\\\"mb-body-search-input-box\\\"]\"},\"targetOuterHTML\":\"\\u003cinput type=\\\"text\\\" name=\\\"q\\\" autocomplete=\\\"off\\\" style=\\\"\\\" id=\\\"mb-body-search-input-box\\\" value=\\\"\\\" class\",\"url\":\"https://humancapitalresearch.deloitte.com/search/?q=leadership\"}",
                            "browser_step.7.params.0.email": "",
                            "browser_step.7.params.0.file": "",
                            "browser_step.7.params.0.files": "",
                            "browser_step.7.params.0.modifiers.#": "0",
                            "browser_step.7.params.0.playing_tab_id": "",
                            "browser_step.7.params.0.request": "",
                            "browser_step.7.params.0.subtest_public_id": "",
                            "browser_step.7.params.0.value": "leadership",
                            "browser_step.7.params.0.variable.#": "0",
                            "browser_step.7.params.0.with_click": "false",
                            "browser_step.7.params.0.x": "0",
                            "browser_step.7.params.0.y": "0",
                            "browser_step.7.timeout": "0",
                            "browser_step.7.type": "typeText",
                            "browser_step.8.allow_failure": "false",
                            "browser_step.8.force_element_update": "false",
                            "browser_step.8.name": "Click on button #mb-search-icon-button",
                            "browser_step.8.params.#": "1",
                            "browser_step.8.params.0.attribute": "",
                            "browser_step.8.params.0.check": "",
                            "browser_step.8.params.0.click_type": "",
                            "browser_step.8.params.0.code": "",
                            "browser_step.8.params.0.delay": "0",
                            "browser_step.8.params.0.element": "{\"multiLocator\":{\"ab\":\"/*[local-name()=\\\"html\\\"][1]/*[local-name()=\\\"body\\\"][1]/*[local-name()=\\\"div\\\"][2]/*[local-name()=\\\"header\\\"][1]/*[local-name()=\\\"div\\\"][1]/*[local-name()=\\\"div\\\"][1]/*[local-name()=\\\"div\\\"][5]/*[local-name()=\\\"form\\\"][1]/*[local-name()=\\\"div\\\"][1]/*[local-name()=\\\"div\\\"][2]/*[local-name()=\\\"button\\\"][1]\",\"at\":\"/descendant::*[@action=\\\"/search/\\\"]/*[local-name()=\\\"div\\\"][1]/*[local-name()=\\\"div\\\"][2]/*[local-name()=\\\"button\\\"][1]\",\"cl\":\"/descendant::*[contains(concat(' ', normalize-space(@class), ' '), \\\" mb-header-search-icon-before \\\")]\",\"clt\":\"/descendant::*[contains(concat(' ', normalize-space(@class), ' '), \\\" mb-header-search-icon-before \\\")]\",\"co\":\"\",\"ro\":\"//*[@id=\\\"mb-search-icon-button\\\"]\"},\"targetOuterHTML\":\"\\u003cbutton class=\\\"mb-search-icon-off mb-header-search-icon-before\\\" id=\\\"mb-search-icon-button\\\"\\u003e\\u003c/button\\u003e\",\"url\":\"https://humancapitalresearch.deloitte.com/search/?q=leadership\"}",
                            "browser_step.8.params.0.email": "",
                            "browser_step.8.params.0.file": "",
                            "browser_step.8.params.0.files": "",
                            "browser_step.8.params.0.modifiers.#": "0",
                            "browser_step.8.params.0.playing_tab_id": "",
                            "browser_step.8.params.0.request": "",
                            "browser_step.8.params.0.subtest_public_id": "",
                            "browser_step.8.params.0.value": "",
                            "browser_step.8.params.0.variable.#": "0",
                            "browser_step.8.params.0.with_click": "false",
                            "browser_step.8.params.0.x": "0",
                            "browser_step.8.params.0.y": "0",
                            "browser_step.8.timeout": "0",
                            "browser_step.8.type": "click",
                            "browser_step.9.allow_failure": "false",
                            "browser_step.9.force_element_update": "false",
                            "browser_step.9.name": "Click on input #mb-header-search-input-box",
                            "browser_step.9.params.#": "1",
                            "browser_step.9.params.0.attribute": "",
                            "browser_step.9.params.0.check": "",
                            "browser_step.9.params.0.click_type": "",
                            "browser_step.9.params.0.code": "",
                            "browser_step.9.params.0.delay": "0",
                            "browser_step.9.params.0.element": "{\"multiLocator\":{\"ab\":\"/*[local-name()=\\\"html\\\"][1]/*[local-name()=\\\"body\\\"][1]/*[local-name()=\\\"div\\\"][2]/*[local-name()=\\\"header\\\"][1]/*[local-name()=\\\"div\\\"][1]/*[local-name()=\\\"div\\\"][1]/*[local-name()=\\\"div\\\"][5]/*[local-name()=\\\"form\\\"][1]/*[local-name()=\\\"div\\\"][1]/*[local-name()=\\\"div\\\"][1]/*[local-name()=\\\"input\\\"][1]\",\"at\":\"/descendant::*[@name=\\\"q\\\"]\",\"cl\":\"/descendant::*[contains(concat(' ', normalize-space(@class), ' '), \\\" mb-search-header-input-box \\\")]\",\"clt\":\"/descendant::*[contains(concat(' ', normalize-space(@class), ' '), \\\" mb-search-header-input-box \\\")]\",\"co\":\"[{\\\"text\\\":\\\"search\\\",\\\"textType\\\":\\\"placeholder\\\"},{\\\"relation\\\":\\\"BEFORE\\\",\\\"tagName\\\":\\\"DIV\\\",\\\"text\\\":\\\" my reading list my activity program manager account settings log out \\\",\\\"textType\\\":\\\"innerText\\\"}]\",\"ro\":\"//*[@id=\\\"mb-header-search-input-box\\\"]\"},\"targetOuterHTML\":\"\\u003cinput type=\\\"text\\\" name=\\\"q\\\" autocomplete=\\\"off\\\" style=\\\"\\\" id=\\\"mb-header-search-input-box\\\" value=\\\"leade\",\"url\":\"https://humancapitalresearch.deloitte.com/search/?q=leadership\"}",
                            "browser_step.9.params.0.email": "",
                            "browser_step.9.params.0.file": "",
                            "browser_step.9.params.0.files": "",
                            "browser_step.9.params.0.modifiers.#": "0",
                            "browser_step.9.params.0.playing_tab_id": "",
                            "browser_step.9.params.0.request": "",
                            "browser_step.9.params.0.subtest_public_id": "",
                            "browser_step.9.params.0.value": "",
                            "browser_step.9.params.0.variable.#": "0",
                            "browser_step.9.params.0.with_click": "false",
                            "browser_step.9.params.0.x": "0",
                            "browser_step.9.params.0.y": "0",
                            "browser_step.9.timeout": "0",
                            "browser_step.9.type": "click",
                            "browser_variable.#": "0",
                            "device_ids.#": "1",
                            "device_ids.0": "chrome.laptop_large",
                            "id": "mam-vcw-smf",
                            "locations.#": "2",
                            "locations.0": "aws:ca-central-1",
                            "locations.1": "aws:us-east-2",
                            "message": "[link text](http://google.com/)\n\n@dci-noc@deloitte.com \n@kchugh@deloitte.com \n@kkrishnamurthyred@deloitte.com \n@modubey@deloitte.com \n@nkumarmr@deloitte.com \n@sanddubey@deloitte.com ",
                            "monitor_id": "34445452",
                            "name": "Bersin Digital/Member Site Prod",
                            "options_list.#": "1",
                            "options_list.0.accept_self_signed": "false",
                            "options_list.0.allow_insecure": "false",
                            "options_list.0.follow_redirects": "false",
                            "options_list.0.min_failure_duration": "120",
                            "options_list.0.min_location_failed": "2",
                            "options_list.0.monitor_name": "",
                            "options_list.0.monitor_options.#": "1",
                            "options_list.0.monitor_options.0.renotify_interval": "60",
                            "options_list.0.monitor_priority": "1",
                            "options_list.0.no_screenshot": "false",
                            "options_list.0.retry.#": "1",
                            "options_list.0.retry.0.count": "2",
                            "options_list.0.retry.0.interval": "200",
                            "options_list.0.tick_every": "900",
                            "request_definition.#": "1",
                            "request_definition.0.body": "",
                            "request_definition.0.dns_server": "",
                            "request_definition.0.dns_server_port": "0",
                            "request_definition.0.host": "",
                            "request_definition.0.method": "GET",
                            "request_definition.0.no_saving_response_body": "false",
                            "request_definition.0.number_of_packets": "0",
                            "request_definition.0.port": "0",
                            "request_definition.0.should_track_hops": "false",
                            "request_definition.0.timeout": "0",
                            "request_definition.0.url": "https://digital.bersin.com",
                            "request_headers.%": "0",
                            "request_query.%": "0",
                            "set_cookie": "",
                            "status": "live",
                            "tags.#": "3",
                            "tags.0": "test:browser",
                            "tags.1": "app:membersite",
                            "tags.2": "env:prod",
                            "type": "browser"
                        },
                        "meta": {
                            "schema_version": 0
                        },
                        "tainted": false
                    },
                    "deposed": [],
                    "provider": "provider.datadog"
                },
                "datadog_synthetics_test.tfer--synthetics_p9z-002D-bpt-002D-a8c": {
                    "type": "datadog_synthetics_test",
                    "depends_on": [],
                    "primary": {
                        "id": "p9z-bpt-a8c",
                        "attributes": {
                            "assertion.#": "3",
                            "assertion.0.operator": "lessThan",
                            "assertion.0.property": "",
                            "assertion.0.target": "2000",
                            "assertion.0.targetjsonpath.#": "0",
                            "assertion.0.type": "responseTime",
                            "assertion.1.operator": "is",
                            "assertion.1.property": "",
                            "assertion.1.target": "302",
                            "assertion.1.targetjsonpath.#": "0",
                            "assertion.1.type": "statusCode",
                            "assertion.2.operator": "is",
                            "assertion.2.property": "content-type",
                            "assertion.2.target": "text/html; charset=utf-8",
                            "assertion.2.targetjsonpath.#": "0",
                            "assertion.2.type": "header",
                            "config_variable.#": "0",
                            "device_ids.#": "0",
                            "id": "p9z-bpt-a8c",
                            "locations.#": "5",
                            "locations.0": "aws:ca-central-1",
                            "locations.1": "aws:sa-east-1",
                            "locations.2": "aws:us-east-2",
                            "locations.3": "aws:us-west-1",
                            "locations.4": "aws:us-west-2",
                            "message": "Site Down humancapitalresearch-legacy.deloitte.com\n\n@modubey@deloitte.com @kchugh@deloitte.com @sanddubey@deloitte.com @ruswilson@deloitte.com @akachhava@deloitte.com",
                            "monitor_id": "35049553",
                            "name": "Monitor humancapitalresearch-legacy.deloitte.com homepage",
                            "options_list.#": "1",
                            "options_list.0.accept_self_signed": "false",
                            "options_list.0.allow_insecure": "false",
                            "options_list.0.follow_redirects": "false",
                            "options_list.0.min_failure_duration": "120",
                            "options_list.0.min_location_failed": "5",
                            "options_list.0.monitor_name": "",
                            "options_list.0.monitor_options.#": "1",
                            "options_list.0.monitor_options.0.renotify_interval": "60",
                            "options_list.0.monitor_priority": "1",
                            "options_list.0.no_screenshot": "false",
                            "options_list.0.retry.#": "1",
                            "options_list.0.retry.0.count": "2",
                            "options_list.0.retry.0.interval": "200",
                            "options_list.0.tick_every": "300",
                            "request_definition.#": "1",
                            "request_definition.0.body": "",
                            "request_definition.0.dns_server": "",
                            "request_definition.0.dns_server_port": "0",
                            "request_definition.0.host": "",
                            "request_definition.0.method": "GET",
                            "request_definition.0.no_saving_response_body": "false",
                            "request_definition.0.number_of_packets": "0",
                            "request_definition.0.port": "0",
                            "request_definition.0.should_track_hops": "false",
                            "request_definition.0.timeout": "0",
                            "request_definition.0.url": "https://humancapitalresearch-legacy.deloitte.com",
                            "request_headers.%": "0",
                            "request_query.%": "0",
                            "status": "live",
                            "subtype": "http",
                            "tags.#": "3",
                            "tags.0": "env:prod",
                            "tags.1": "Legacy",
                            "tags.2": "app:membersite",
                            "type": "api"
                        },
                        "meta": {
                            "schema_version": 0
                        },
                        "tainted": false
                    },
                    "deposed": [],
                    "provider": "provider.datadog"
                },
                "datadog_synthetics_test.tfer--synthetics_tyb-002D-xka-002D-bzw": {
                    "type": "datadog_synthetics_test",
                    "depends_on": [],
                    "primary": {
                        "id": "tyb-xka-bzw",
                        "attributes": {
                            "assertion.#": "3",
                            "assertion.0.operator": "lessThan",
                            "assertion.0.property": "",
                            "assertion.0.target": "2000",
                            "assertion.0.targetjsonpath.#": "0",
                            "assertion.0.type": "responseTime",
                            "assertion.1.operator": "is",
                            "assertion.1.property": "",
                            "assertion.1.target": "200",
                            "assertion.1.targetjsonpath.#": "0",
                            "assertion.1.type": "statusCode",
                            "assertion.2.operator": "is",
                            "assertion.2.property": "content-type",
                            "assertion.2.target": "text/html; charset=UTF-8",
                            "assertion.2.targetjsonpath.#": "0",
                            "assertion.2.type": "header",
                            "config_variable.#": "0",
                            "device_ids.#": "0",
                            "id": "tyb-xka-bzw",
                            "locations.#": "5",
                            "locations.0": "aws:ca-central-1",
                            "locations.1": "aws:sa-east-1",
                            "locations.2": "aws:us-east-2",
                            "locations.3": "aws:us-west-1",
                            "locations.4": "aws:us-west-2",
                            "message": "Site Down hcrsdashboard.deloitte.com\n\n@kchugh@deloitte.com \n@modubey@deloitte.com \n@ruswilson@deloitte.com \n@sanddubey@deloitte.com\n@akachhava@deloitte.com",
                            "monitor_id": "35054137",
                            "name": "Monitor hcrsdashboard.deloitte.com homepage",
                            "options_list.#": "1",
                            "options_list.0.accept_self_signed": "false",
                            "options_list.0.allow_insecure": "false",
                            "options_list.0.follow_redirects": "false",
                            "options_list.0.min_failure_duration": "120",
                            "options_list.0.min_location_failed": "5",
                            "options_list.0.monitor_name": "",
                            "options_list.0.monitor_options.#": "1",
                            "options_list.0.monitor_options.0.renotify_interval": "60",
                            "options_list.0.monitor_priority": "1",
                            "options_list.0.no_screenshot": "false",
                            "options_list.0.retry.#": "1",
                            "options_list.0.retry.0.count": "2",
                            "options_list.0.retry.0.interval": "200",
                            "options_list.0.tick_every": "300",
                            "request_definition.#": "1",
                            "request_definition.0.body": "",
                            "request_definition.0.dns_server": "",
                            "request_definition.0.dns_server_port": "0",
                            "request_definition.0.host": "",
                            "request_definition.0.method": "GET",
                            "request_definition.0.no_saving_response_body": "false",
                            "request_definition.0.number_of_packets": "0",
                            "request_definition.0.port": "0",
                            "request_definition.0.should_track_hops": "false",
                            "request_definition.0.timeout": "0",
                            "request_definition.0.url": "https://hcrsdashboard.deloitte.com",
                            "request_headers.%": "0",
                            "request_query.%": "0",
                            "status": "live",
                            "subtype": "http",
                            "tags.#": "2",
                            "tags.0": "app:membersite",
                            "tags.1": "env:prod",
                            "type": "api"
                        },
                        "meta": {
                            "schema_version": 0
                        },
                        "tainted": false
                    },
                    "deposed": [],
                    "provider": "provider.datadog"
                },
                "datadog_synthetics_test.tfer--synthetics_w3h-002D-msq-002D-dqs": {
                    "type": "datadog_synthetics_test",
                    "depends_on": [],
                    "primary": {
                        "id": "w3h-msq-dqs",
                        "attributes": {
                            "assertion.#": "4",
                            "assertion.0.operator": "lessThan",
                            "assertion.0.property": "",
                            "assertion.0.target": "2000",
                            "assertion.0.targetjsonpath.#": "0",
                            "assertion.0.type": "responseTime",
                            "assertion.1.operator": "is",
                            "assertion.1.property": "",
                            "assertion.1.target": "302",
                            "assertion.1.targetjsonpath.#": "0",
                            "assertion.1.type": "statusCode",
                            "assertion.2.operator": "is",
                            "assertion.2.property": "content-type",
                            "assertion.2.target": "text/html; charset=UTF-8",
                            "assertion.2.targetjsonpath.#": "0",
                            "assertion.2.type": "header",
                            "assertion.3.operator": "is",
                            "assertion.3.property": "location",
                            "assertion.3.target": "https://humancapitalresearch.deloitte.com/login/?p=https://humancapitalmetrics.deloitte.com",
                            "assertion.3.targetjsonpath.#": "0",
                            "assertion.3.type": "header",
                            "config_variable.#": "0",
                            "device_ids.#": "0",
                            "id": "w3h-msq-dqs",
                            "locations.#": "5",
                            "locations.0": "aws:ca-central-1",
                            "locations.1": "aws:sa-east-1",
                            "locations.2": "aws:us-east-2",
                            "locations.3": "aws:us-west-1",
                            "locations.4": "aws:us-west-2",
                            "message": "Site Down humancapitalmetrics.deloitte.com\n\n@kchugh@deloitte.com \n@modubey@deloitte.com @ruswilson@deloitte.com @sanddubey@deloitte.com  @akachhava@deloitte.com",
                            "monitor_id": "35054058",
                            "name": "Monitor humancapitalmetrics.deloitte.com homepage",
                            "options_list.#": "1",
                            "options_list.0.accept_self_signed": "false",
                            "options_list.0.allow_insecure": "false",
                            "options_list.0.follow_redirects": "false",
                            "options_list.0.min_failure_duration": "120",
                            "options_list.0.min_location_failed": "5",
                            "options_list.0.monitor_name": "",
                            "options_list.0.monitor_options.#": "1",
                            "options_list.0.monitor_options.0.renotify_interval": "60",
                            "options_list.0.monitor_priority": "1",
                            "options_list.0.no_screenshot": "false",
                            "options_list.0.retry.#": "1",
                            "options_list.0.retry.0.count": "2",
                            "options_list.0.retry.0.interval": "200",
                            "options_list.0.tick_every": "60",
                            "request_definition.#": "1",
                            "request_definition.0.body": "",
                            "request_definition.0.dns_server": "",
                            "request_definition.0.dns_server_port": "0",
                            "request_definition.0.host": "",
                            "request_definition.0.method": "GET",
                            "request_definition.0.no_saving_response_body": "false",
                            "request_definition.0.number_of_packets": "0",
                            "request_definition.0.port": "0",
                            "request_definition.0.should_track_hops": "false",
                            "request_definition.0.timeout": "0",
                            "request_definition.0.url": "https://humancapitalmetrics.deloitte.com",
                            "request_headers.%": "0",
                            "request_query.%": "0",
                            "status": "live",
                            "subtype": "http",
                            "tags.#": "2",
                            "tags.0": "app:membersite",
                            "tags.1": "env:prod",
                            "type": "api"
                        },
                        "meta": {
                            "schema_version": 0
                        },
                        "tainted": false
                    },
                    "deposed": [],
                    "provider": "provider.datadog"
                },
                "datadog_synthetics_test.tfer--synthetics_w7w-002D-y68-002D-w9i": {
                    "type": "datadog_synthetics_test",
                    "depends_on": [],
                    "primary": {
                        "id": "w7w-y68-w9i",
                        "attributes": {
                            "assertion.#": "3",
                            "assertion.0.operator": "lessThan",
                            "assertion.0.property": "",
                            "assertion.0.target": "2000",
                            "assertion.0.targetjsonpath.#": "0",
                            "assertion.0.type": "responseTime",
                            "assertion.1.operator": "is",
                            "assertion.1.property": "",
                            "assertion.1.target": "200",
                            "assertion.1.targetjsonpath.#": "0",
                            "assertion.1.type": "statusCode",
                            "assertion.2.operator": "is",
                            "assertion.2.property": "content-type",
                            "assertion.2.target": "text/html; charset=UTF-8",
                            "assertion.2.targetjsonpath.#": "0",
                            "assertion.2.type": "header",
                            "config_variable.#": "0",
                            "device_ids.#": "0",
                            "id": "w7w-y68-w9i",
                            "locations.#": "5",
                            "locations.0": "aws:ca-central-1",
                            "locations.1": "aws:sa-east-1",
                            "locations.2": "aws:us-east-2",
                            "locations.3": "aws:us-west-1",
                            "locations.4": "aws:us-west-2",
                            "message": "Connect me site \"danaher.connectmehr.com\" is down\n\n@kchugh@deloitte.com \n@ruswilson@deloitte.com \n@modubey@deloitte.com \n@sanddubey@deloitte.com\n@akachhava@deloitte.com",
                            "monitor_id": "35906761",
                            "name": "Monitor danaher.connectmehr.com",
                            "options_list.#": "1",
                            "options_list.0.accept_self_signed": "false",
                            "options_list.0.allow_insecure": "true",
                            "options_list.0.follow_redirects": "true",
                            "options_list.0.min_failure_duration": "120",
                            "options_list.0.min_location_failed": "5",
                            "options_list.0.monitor_name": "",
                            "options_list.0.monitor_options.#": "1",
                            "options_list.0.monitor_options.0.renotify_interval": "60",
                            "options_list.0.monitor_priority": "1",
                            "options_list.0.no_screenshot": "false",
                            "options_list.0.retry.#": "1",
                            "options_list.0.retry.0.count": "2",
                            "options_list.0.retry.0.interval": "200",
                            "options_list.0.tick_every": "300",
                            "request_definition.#": "1",
                            "request_definition.0.body": "",
                            "request_definition.0.dns_server": "",
                            "request_definition.0.dns_server_port": "0",
                            "request_definition.0.host": "",
                            "request_definition.0.method": "GET",
                            "request_definition.0.no_saving_response_body": "false",
                            "request_definition.0.number_of_packets": "0",
                            "request_definition.0.port": "0",
                            "request_definition.0.should_track_hops": "false",
                            "request_definition.0.timeout": "0",
                            "request_definition.0.url": "https://danaher.connectmehr.com",
                            "request_headers.%": "0",
                            "request_query.%": "0",
                            "status": "live",
                            "subtype": "http",
                            "tags.#": "2",
                            "tags.0": "app:CONNECTME",
                            "tags.1": "env:prod",
                            "type": "api"
                        },
                        "meta": {
                            "schema_version": 0
                        },
                        "tainted": false
                    },
                    "deposed": [],
                    "provider": "provider.datadog"
                },
                "datadog_synthetics_test.tfer--synthetics_whd-002D-sxu-002D-5ig": {
                    "type": "datadog_synthetics_test",
                    "depends_on": [],
                    "primary": {
                        "id": "whd-sxu-5ig",
                        "attributes": {
                            "assertion.#": "4",
                            "assertion.0.operator": "lessThan",
                            "assertion.0.property": "",
                            "assertion.0.target": "2000",
                            "assertion.0.targetjsonpath.#": "0",
                            "assertion.0.type": "responseTime",
                            "assertion.1.operator": "is",
                            "assertion.1.property": "",
                            "assertion.1.target": "302",
                            "assertion.1.targetjsonpath.#": "0",
                            "assertion.1.type": "statusCode",
                            "assertion.2.operator": "is",
                            "assertion.2.property": "content-type",
                            "assertion.2.target": "text/html; charset=utf-8",
                            "assertion.2.targetjsonpath.#": "0",
                            "assertion.2.type": "header",
                            "assertion.3.operator": "is",
                            "assertion.3.property": "location",
                            "assertion.3.target": "/mer",
                            "assertion.3.targetjsonpath.#": "0",
                            "assertion.3.type": "header",
                            "config_variable.#": "0",
                            "device_ids.#": "0",
                            "id": "whd-sxu-5ig",
                            "locations.#": "5",
                            "locations.0": "aws:ca-central-1",
                            "locations.1": "aws:sa-east-1",
                            "locations.2": "aws:us-east-2",
                            "locations.3": "aws:us-west-1",
                            "locations.4": "aws:us-west-2",
                            "message": "Site down humancapitalresearch-mer.deloitte.com\n\n@modubey@deloitte.com @sanddubey@deloitte.com @kchugh@deloitte.com @ruswilson@deloitte.com @akachhava@deloitte.com",
                            "monitor_id": "35049648",
                            "name": "Monitor humancapitalresearch-mer.deloitte.com homepage",
                            "options_list.#": "1",
                            "options_list.0.accept_self_signed": "false",
                            "options_list.0.allow_insecure": "false",
                            "options_list.0.follow_redirects": "false",
                            "options_list.0.min_failure_duration": "120",
                            "options_list.0.min_location_failed": "5",
                            "options_list.0.monitor_name": "",
                            "options_list.0.monitor_options.#": "1",
                            "options_list.0.monitor_options.0.renotify_interval": "60",
                            "options_list.0.monitor_priority": "1",
                            "options_list.0.no_screenshot": "false",
                            "options_list.0.retry.#": "1",
                            "options_list.0.retry.0.count": "2",
                            "options_list.0.retry.0.interval": "200",
                            "options_list.0.tick_every": "300",
                            "request_definition.#": "1",
                            "request_definition.0.body": "",
                            "request_definition.0.dns_server": "",
                            "request_definition.0.dns_server_port": "0",
                            "request_definition.0.host": "",
                            "request_definition.0.method": "GET",
                            "request_definition.0.no_saving_response_body": "false",
                            "request_definition.0.number_of_packets": "0",
                            "request_definition.0.port": "0",
                            "request_definition.0.should_track_hops": "false",
                            "request_definition.0.timeout": "0",
                            "request_definition.0.url": "https://humancapitalresearch-mer.deloitte.com",
                            "request_headers.%": "0",
                            "request_query.%": "0",
                            "status": "live",
                            "subtype": "http",
                            "tags.#": "2",
                            "tags.0": "app:membersite",
                            "tags.1": "env:prod",
                            "type": "api"
                        },
                        "meta": {
                            "schema_version": 0
                        },
                        "tainted": false
                    },
                    "deposed": [],
                    "provider": "provider.datadog"
                },
                "datadog_synthetics_test.tfer--synthetics_wmu-002D-5f7-002D-ird": {
                    "type": "datadog_synthetics_test",
                    "depends_on": [],
                    "primary": {
                        "id": "wmu-5f7-ird",
                        "attributes": {
                            "assertion.#": "2",
                            "assertion.0.operator": "lessThan",
                            "assertion.0.property": "",
                            "assertion.0.target": "2000",
                            "assertion.0.targetjsonpath.#": "0",
                            "assertion.0.type": "responseTime",
                            "assertion.1.operator": "is",
                            "assertion.1.property": "",
                            "assertion.1.target": "302",
                            "assertion.1.targetjsonpath.#": "0",
                            "assertion.1.type": "statusCode",
                            "config_variable.#": "0",
                            "device_ids.#": "0",
                            "id": "wmu-5f7-ird",
                            "locations.#": "5",
                            "locations.0": "aws:ca-central-1",
                            "locations.1": "aws:sa-east-1",
                            "locations.2": "aws:us-east-2",
                            "locations.3": "aws:us-west-1",
                            "locations.4": "aws:us-west-2",
                            "message": "Site Down workforceinsights.deloitte.com\n\n@kchugh@deloitte.com @ruswilson@deloitte.com @modubey@deloitte.com @sanddubey@deloitte.com @akachhava@deloitte.com",
                            "monitor_id": "35054122",
                            "name": "Monitor workforceinsights.deloitte.com homepage",
                            "options_list.#": "1",
                            "options_list.0.accept_self_signed": "false",
                            "options_list.0.allow_insecure": "false",
                            "options_list.0.follow_redirects": "false",
                            "options_list.0.min_failure_duration": "120",
                            "options_list.0.min_location_failed": "5",
                            "options_list.0.monitor_name": "",
                            "options_list.0.monitor_options.#": "1",
                            "options_list.0.monitor_options.0.renotify_interval": "60",
                            "options_list.0.monitor_priority": "1",
                            "options_list.0.no_screenshot": "false",
                            "options_list.0.retry.#": "1",
                            "options_list.0.retry.0.count": "2",
                            "options_list.0.retry.0.interval": "200",
                            "options_list.0.tick_every": "300",
                            "request_definition.#": "1",
                            "request_definition.0.body": "",
                            "request_definition.0.dns_server": "",
                            "request_definition.0.dns_server_port": "0",
                            "request_definition.0.host": "",
                            "request_definition.0.method": "GET",
                            "request_definition.0.no_saving_response_body": "false",
                            "request_definition.0.number_of_packets": "0",
                            "request_definition.0.port": "0",
                            "request_definition.0.should_track_hops": "false",
                            "request_definition.0.timeout": "0",
                            "request_definition.0.url": "https://workforceinsights.deloitte.com",
                            "request_headers.%": "0",
                            "request_query.%": "0",
                            "status": "live",
                            "subtype": "http",
                            "tags.#": "3",
                            "tags.0": "region:US",
                            "tags.1": "app:RO",
                            "tags.2": "env:prod",
                            "type": "api"
                        },
                        "meta": {
                            "schema_version": 0
                        },
                        "tainted": false
                    },
                    "deposed": [],
                    "provider": "provider.datadog"
                },
                "datadog_synthetics_test.tfer--synthetics_wne-002D-eb5-002D-g76": {
                    "type": "datadog_synthetics_test",
                    "depends_on": [],
                    "primary": {
                        "id": "wne-eb5-g76",
                        "attributes": {
                            "assertion.#": "0",
                            "browser_step.#": "15",
                            "browser_step.0.allow_failure": "false",
                            "browser_step.0.force_element_update": "false",
                            "browser_step.0.name": "Type text on input #mb-auth-form-email",
                            "browser_step.0.params.#": "1",
                            "browser_step.0.params.0.attribute": "",
                            "browser_step.0.params.0.check": "",
                            "browser_step.0.params.0.click_type": "",
                            "browser_step.0.params.0.code": "",
                            "browser_step.0.params.0.delay": "0",
                            "browser_step.0.params.0.element": "{\"multiLocator\":{\"ab\":\"/*[local-name()=\\\"html\\\"][1]/*[local-name()=\\\"body\\\"][1]/*[local-name()=\\\"div\\\"][2]/*[local-name()=\\\"div\\\"][1]/*[local-name()=\\\"div\\\"][1]/*[local-name()=\\\"div\\\"][1]/*[local-name()=\\\"div\\\"][1]/*[local-name()=\\\"div\\\"][2]/*[local-name()=\\\"div\\\"][1]/*[local-name()=\\\"form\\\"][1]/*[local-name()=\\\"input\\\"][2]\",\"at\":\"/descendant::*[@name=\\\"userName\\\"]\",\"cl\":\"/descendant::*[contains(concat(' ', normalize-space(@class), ' '), \\\" mb-module-form-min \\\")]/*[local-name()=\\\"div\\\"][1]/*[local-name()=\\\"form\\\"][1]/*[local-name()=\\\"input\\\"][2]\",\"clt\":\"/descendant::*[contains(concat(' ', normalize-space(@class), ' '), \\\" mb-module-form-min \\\")]/*[local-name()=\\\"div\\\"][1]/*[local-name()=\\\"form\\\"][1]/*[local-name()=\\\"input\\\"][2]\",\"co\":\"[{\\\"text\\\":\\\"business email\\\",\\\"textType\\\":\\\"placeholder\\\"}]\",\"ro\":\"//*[@id=\\\"mb-auth-form-email\\\"]\"},\"targetOuterHTML\":\"\\u003cinput id=\\\"mb-auth-form-email\\\" name=\\\"userName\\\" spellcheck=\\\"false\\\" autocapitalize=\\\"none\\\" type=\\\"email\\\"\",\"url\":\"https://humancapitalresearch.deloitte.com/login/\"}",
                            "browser_step.0.params.0.email": "",
                            "browser_step.0.params.0.file": "",
                            "browser_step.0.params.0.files": "",
                            "browser_step.0.params.0.modifiers.#": "0",
                            "browser_step.0.params.0.playing_tab_id": "",
                            "browser_step.0.params.0.request": "",
                            "browser_step.0.params.0.subtest_public_id": "",
                            "browser_step.0.params.0.value": "preftest@bersinpreftest.com",
                            "browser_step.0.params.0.variable.#": "0",
                            "browser_step.0.params.0.with_click": "false",
                            "browser_step.0.params.0.x": "0",
                            "browser_step.0.params.0.y": "0",
                            "browser_step.0.timeout": "0",
                            "browser_step.0.type": "typeText",
                            "browser_step.1.allow_failure": "false",
                            "browser_step.1.force_element_update": "false",
                            "browser_step.1.name": "Click on div #mb-auth-form-submit",
                            "browser_step.1.params.#": "1",
                            "browser_step.1.params.0.attribute": "",
                            "browser_step.1.params.0.check": "",
                            "browser_step.1.params.0.click_type": "",
                            "browser_step.1.params.0.code": "",
                            "browser_step.1.params.0.delay": "0",
                            "browser_step.1.params.0.element": "{\"multiLocator\":{\"ab\":\"/*[local-name()=\\\"html\\\"][1]/*[local-name()=\\\"body\\\"][1]/*[local-name()=\\\"div\\\"][2]/*[local-name()=\\\"div\\\"][1]/*[local-name()=\\\"div\\\"][1]/*[local-name()=\\\"div\\\"][1]/*[local-name()=\\\"div\\\"][1]/*[local-name()=\\\"div\\\"][2]/*[local-name()=\\\"div\\\"][1]/*[local-name()=\\\"form\\\"][1]/*[local-name()=\\\"div\\\"][7]/*[local-name()=\\\"div\\\"][2]\",\"at\":\"/descendant::*[@enctype=\\\"application/x-www-form-urlencoded\\\"]/*[local-name()=\\\"div\\\"][7]/*[local-name()=\\\"div\\\"][2]\",\"cl\":\"/descendant::*[contains(concat(' ', normalize-space(@class), ' '), \\\" mb-button-group \\\")]/descendant::*[contains(concat(' ', normalize-space(@class), ' '), \\\" mb-button \\\")][1]\",\"clt\":\"/descendant::*[contains(concat(' ', normalize-space(@class), ' '), \\\" mb-button-group \\\")]/descendant::*[contains(concat(' ', normalize-space(@class), ' '), \\\" mb-button \\\")][1]\",\"co\":\"\",\"ro\":\"//*[@id=\\\"mb-auth-form-submit\\\"]\"},\"targetOuterHTML\":\"\\u003cdiv id=\\\"mb-auth-form-submit\\\" class=\\\"mb-button\\\"\\u003e\\u003c/div\\u003e\",\"url\":\"https://humancapitalresearch.deloitte.com/login/\"}",
                            "browser_step.1.params.0.email": "",
                            "browser_step.1.params.0.file": "",
                            "browser_step.1.params.0.files": "",
                            "browser_step.1.params.0.modifiers.#": "0",
                            "browser_step.1.params.0.playing_tab_id": "",
                            "browser_step.1.params.0.request": "",
                            "browser_step.1.params.0.subtest_public_id": "",
                            "browser_step.1.params.0.value": "",
                            "browser_step.1.params.0.variable.#": "0",
                            "browser_step.1.params.0.with_click": "false",
                            "browser_step.1.params.0.x": "0",
                            "browser_step.1.params.0.y": "0",
                            "browser_step.1.timeout": "0",
                            "browser_step.1.type": "click",
                            "browser_step.10.allow_failure": "false",
                            "browser_step.10.force_element_update": "false",
                            "browser_step.10.name": "Press key 'Enter'",
                            "browser_step.10.params.#": "1",
                            "browser_step.10.params.0.attribute": "",
                            "browser_step.10.params.0.check": "",
                            "browser_step.10.params.0.click_type": "",
                            "browser_step.10.params.0.code": "",
                            "browser_step.10.params.0.delay": "0",
                            "browser_step.10.params.0.element": "",
                            "browser_step.10.params.0.email": "",
                            "browser_step.10.params.0.file": "",
                            "browser_step.10.params.0.files": "",
                            "browser_step.10.params.0.modifiers.#": "0",
                            "browser_step.10.params.0.playing_tab_id": "",
                            "browser_step.10.params.0.request": "",
                            "browser_step.10.params.0.subtest_public_id": "",
                            "browser_step.10.params.0.value": "Enter",
                            "browser_step.10.params.0.variable.#": "0",
                            "browser_step.10.params.0.with_click": "false",
                            "browser_step.10.params.0.x": "0",
                            "browser_step.10.params.0.y": "0",
                            "browser_step.10.timeout": "0",
                            "browser_step.10.type": "pressKey",
                            "browser_step.11.allow_failure": "false",
                            "browser_step.11.force_element_update": "false",
                            "browser_step.11.name": "Test text is present on the active page",
                            "browser_step.11.params.#": "1",
                            "browser_step.11.params.0.attribute": "",
                            "browser_step.11.params.0.check": "",
                            "browser_step.11.params.0.click_type": "",
                            "browser_step.11.params.0.code": "",
                            "browser_step.11.params.0.delay": "0",
                            "browser_step.11.params.0.element": "",
                            "browser_step.11.params.0.email": "",
                            "browser_step.11.params.0.file": "",
                            "browser_step.11.params.0.files": "",
                            "browser_step.11.params.0.modifiers.#": "0",
                            "browser_step.11.params.0.playing_tab_id": "",
                            "browser_step.11.params.0.request": "",
                            "browser_step.11.params.0.subtest_public_id": "",
                            "browser_step.11.params.0.value": "READ MORE",
                            "browser_step.11.params.0.variable.#": "0",
                            "browser_step.11.params.0.with_click": "false",
                            "browser_step.11.params.0.x": "0",
                            "browser_step.11.params.0.y": "0",
                            "browser_step.11.timeout": "0",
                            "browser_step.11.type": "assertPageContains",
                            "browser_step.12.allow_failure": "false",
                            "browser_step.12.force_element_update": "false",
                            "browser_step.12.name": "Click on link #mb-header-hcr",
                            "browser_step.12.params.#": "1",
                            "browser_step.12.params.0.attribute": "",
                            "browser_step.12.params.0.check": "",
                            "browser_step.12.params.0.click_type": "",
                            "browser_step.12.params.0.code": "",
                            "browser_step.12.params.0.delay": "0",
                            "browser_step.12.params.0.element": "{\"multiLocator\":{\"ab\":\"/*[local-name()=\\\"html\\\"][1]/*[local-name()=\\\"body\\\"][1]/*[local-name()=\\\"div\\\"][3]/*[local-name()=\\\"header\\\"][1]/*[local-name()=\\\"div\\\"][3]/*[local-name()=\\\"div\\\"][1]/*[local-name()=\\\"div\\\"][2]/*[local-name()=\\\"a\\\"][2]\",\"at\":\"/descendant::*[@href=\\\"//humancapitalresearch.deloitte.com/\\\"][3]\",\"cl\":\"/descendant::*[contains(concat(' ', normalize-space(@class), ' '), \\\" mb-header-signin-wrap \\\")]/*[local-name()=\\\"a\\\"][2]\",\"clt\":\"/descendant::*[contains(concat(' ', normalize-space(@class), ' '), \\\" mb-header-signin-wrap \\\")]/descendant::*[text()[normalize-space(translate(., 'ABCDEFGHIJKLMNOPQRSTUVWXYZÀÁÂÃÄÅÆÇÈÉÊËÌÍÎÏÐÑÒÓÔÕÖØÙÚÛÜÝÞŸŽŠŒ', 'abcdefghijklmnopqrstuvwxyzàáâãäåæçèéêëìíîïðñòóôõöøùúûüýþÿžšœ')) = \\\"human capital platform: research \\u0026 sensing\\\"]]\",\"co\":\"[{\\\"text\\\":\\\"human capital platform: research \\u0026 sensing\\\",\\\"textType\\\":\\\"directText\\\"},{\\\"text\\\":\\\"sign in\\\",\\\"textType\\\":\\\"directText\\\"}]\",\"ro\":\"//*[@id=\\\"mb-header-hcr\\\"]\"},\"targetOuterHTML\":\"\\u003ca id=\\\"mb-header-hcr\\\" href=\\\"//humancapitalresearch.deloitte.com/\\\"\\u003eHuman Capital Platform: Research \\u0026\",\"url\":\"https://workforce-sensing.deloitte.com/search/?search=Telecommunication\"}",
                            "browser_step.12.params.0.email": "",
                            "browser_step.12.params.0.file": "",
                            "browser_step.12.params.0.files": "",
                            "browser_step.12.params.0.modifiers.#": "0",
                            "browser_step.12.params.0.playing_tab_id": "",
                            "browser_step.12.params.0.request": "",
                            "browser_step.12.params.0.subtest_public_id": "",
                            "browser_step.12.params.0.value": "",
                            "browser_step.12.params.0.variable.#": "0",
                            "browser_step.12.params.0.with_click": "false",
                            "browser_step.12.params.0.x": "0",
                            "browser_step.12.params.0.y": "0",
                            "browser_step.12.timeout": "0",
                            "browser_step.12.type": "click",
                            "browser_step.13.allow_failure": "false",
                            "browser_step.13.force_element_update": "false",
                            "browser_step.13.name": "Click on div #mb-header-apps-dots",
                            "browser_step.13.params.#": "1",
                            "browser_step.13.params.0.attribute": "",
                            "browser_step.13.params.0.check": "",
                            "browser_step.13.params.0.click_type": "",
                            "browser_step.13.params.0.code": "",
                            "browser_step.13.params.0.delay": "0",
                            "browser_step.13.params.0.element": "{\"multiLocator\":{\"ab\":\"/*[local-name()=\\\"html\\\"][1]/*[local-name()=\\\"body\\\"][1]/*[local-name()=\\\"div\\\"][2]/*[local-name()=\\\"header\\\"][1]/*[local-name()=\\\"div\\\"][1]/*[local-name()=\\\"div\\\"][1]/*[local-name()=\\\"div\\\"][2]\",\"at\":\"/*[local-name()=\\\"html\\\"]/*[local-name()=\\\"body\\\"]/*[local-name()=\\\"div\\\"][2]/*[local-name()=\\\"header\\\"][1]/*[local-name()=\\\"div\\\"][1]/*[local-name()=\\\"div\\\"][1]/*[local-name()=\\\"div\\\"][2]\",\"cl\":\"/descendant::*[contains(concat(' ', normalize-space(@class), ' '), \\\" navbar-header \\\")]/*[local-name()=\\\"div\\\"][2]\",\"clt\":\"/descendant::*[contains(concat(' ', normalize-space(@class), ' '), \\\" navbar-header \\\")]/*[local-name()=\\\"div\\\"][2]\",\"co\":\"\",\"ro\":\"//*[@id=\\\"mb-header-apps-dots\\\"]\"},\"targetOuterHTML\":\"\\u003cdiv id=\\\"mb-header-apps-dots\\\" class=\\\"\\\"\\u003e\\n\\t  \\t\\u003cdiv class=\\\"mb-membership-tooltip-container mb-hide\\\"\\u003e\\u003cdi\",\"url\":\"https://humancapitalresearch.deloitte.com/\"}",
                            "browser_step.13.params.0.email": "",
                            "browser_step.13.params.0.file": "",
                            "browser_step.13.params.0.files": "",
                            "browser_step.13.params.0.modifiers.#": "0",
                            "browser_step.13.params.0.playing_tab_id": "",
                            "browser_step.13.params.0.request": "",
                            "browser_step.13.params.0.subtest_public_id": "",
                            "browser_step.13.params.0.value": "",
                            "browser_step.13.params.0.variable.#": "0",
                            "browser_step.13.params.0.with_click": "false",
                            "browser_step.13.params.0.x": "0",
                            "browser_step.13.params.0.y": "0",
                            "browser_step.13.timeout": "0",
                            "browser_step.13.type": "click",
                            "browser_step.14.allow_failure": "false",
                            "browser_step.14.force_element_update": "false",
                            "browser_step.14.name": "Click on link #mb-header-menu-logout",
                            "browser_step.14.params.#": "1",
                            "browser_step.14.params.0.attribute": "",
                            "browser_step.14.params.0.check": "",
                            "browser_step.14.params.0.click_type": "",
                            "browser_step.14.params.0.code": "",
                            "browser_step.14.params.0.delay": "0",
                            "browser_step.14.params.0.element": "{\"multiLocator\":{\"ab\":\"/*[local-name()=\\\"html\\\"][1]/*[local-name()=\\\"body\\\"][1]/*[local-name()=\\\"div\\\"][2]/*[local-name()=\\\"header\\\"][1]/*[local-name()=\\\"div\\\"][2]/*[local-name()=\\\"div\\\"][1]/*[local-name()=\\\"div\\\"][1]/*[local-name()=\\\"div\\\"][6]/*[local-name()=\\\"a\\\"][1]\",\"at\":\"/descendant::*[@href=\\\"https://humancapitalresearch-login.deloitte.com/Logout.aspx\\\"]\",\"cl\":\"/descendant::*[contains(concat(' ', normalize-space(@class), ' '), \\\" mb-has-apps \\\")]/*[local-name()=\\\"div\\\"][2]/*[local-name()=\\\"div\\\"][1]/*[local-name()=\\\"div\\\"][1]/*[local-name()=\\\"div\\\"][6]/*[local-name()=\\\"a\\\"][1]\",\"clt\":\"/descendant::*[contains(concat(' ', normalize-space(@class), ' '), \\\" mb-has-apps \\\")]/descendant::*[text()[normalize-space(translate(., 'ABCDEFGHIJKLMNOPQRSTUVWXYZÀÁÂÃÄÅÆÇÈÉÊËÌÍÎÏÐÑÒÓÔÕÖØÙÚÛÜÝÞŸŽŠŒ', 'abcdefghijklmnopqrstuvwxyzàáâãäåæçèéêëìíîïðñòóôõöøùúûüýþÿžšœ')) = \\\"log out\\\"]]\",\"co\":\"[{\\\"text\\\":\\\"log out\\\",\\\"textType\\\":\\\"directText\\\"}]\",\"ro\":\"//*[@id=\\\"mb-header-menu-logout\\\"]\"},\"targetOuterHTML\":\"\\u003ca id=\\\"mb-header-menu-logout\\\" href=\\\"https://humancapitalresearch-login.deloitte.com/Logout.aspx\\\"\\u003eLog\",\"url\":\"https://humancapitalresearch.deloitte.com/\"}",
                            "browser_step.14.params.0.email": "",
                            "browser_step.14.params.0.file": "",
                            "browser_step.14.params.0.files": "",
                            "browser_step.14.params.0.modifiers.#": "0",
                            "browser_step.14.params.0.playing_tab_id": "",
                            "browser_step.14.params.0.request": "",
                            "browser_step.14.params.0.subtest_public_id": "",
                            "browser_step.14.params.0.value": "",
                            "browser_step.14.params.0.variable.#": "0",
                            "browser_step.14.params.0.with_click": "false",
                            "browser_step.14.params.0.x": "0",
                            "browser_step.14.params.0.y": "0",
                            "browser_step.14.timeout": "0",
                            "browser_step.14.type": "click",
                            "browser_step.2.allow_failure": "false",
                            "browser_step.2.force_element_update": "false",
                            "browser_step.2.name": "Type text on input #mb-auth-form-password",
                            "browser_step.2.params.#": "1",
                            "browser_step.2.params.0.attribute": "",
                            "browser_step.2.params.0.check": "",
                            "browser_step.2.params.0.click_type": "",
                            "browser_step.2.params.0.code": "",
                            "browser_step.2.params.0.delay": "0",
                            "browser_step.2.params.0.element": "{\"multiLocator\":{\"ab\":\"/*[local-name()=\\\"html\\\"][1]/*[local-name()=\\\"body\\\"][1]/*[local-name()=\\\"div\\\"][2]/*[local-name()=\\\"div\\\"][1]/*[local-name()=\\\"div\\\"][1]/*[local-name()=\\\"div\\\"][1]/*[local-name()=\\\"div\\\"][1]/*[local-name()=\\\"div\\\"][2]/*[local-name()=\\\"div\\\"][1]/*[local-name()=\\\"form\\\"][1]/*[local-name()=\\\"div\\\"][1]/*[local-name()=\\\"input\\\"][1]\",\"at\":\"/descendant::*[@placeholder=\\\"Password\\\"]\",\"cl\":\"/descendant::*[contains(concat(' ', normalize-space(@class), ' '), \\\" mb-module-form-min \\\")]/descendant::*[contains(concat(' ', normalize-space(@class), ' '), \\\" mb-auth-form-pw-ctn \\\")][1]/*[local-name()=\\\"input\\\"][1]\",\"clt\":\"/descendant::*[contains(concat(' ', normalize-space(@class), ' '), \\\" mb-module-form-min \\\")]/descendant::*[contains(concat(' ', normalize-space(@class), ' '), \\\" mb-auth-form-pw-ctn \\\")][1]/*[local-name()=\\\"input\\\"][1]\",\"co\":\"[{\\\"text\\\":\\\"password\\\",\\\"textType\\\":\\\"placeholder\\\"}]\",\"ro\":\"//*[@id=\\\"mb-auth-form-password\\\"]\"},\"targetOuterHTML\":\"\\u003cinput id=\\\"mb-auth-form-password\\\" name=\\\"password\\\" type=\\\"password\\\" placeholder=\\\"Password\\\" autocomplet\",\"url\":\"https://humancapitalresearch.deloitte.com/login/\"}",
                            "browser_step.2.params.0.email": "",
                            "browser_step.2.params.0.file": "",
                            "browser_step.2.params.0.files": "",
                            "browser_step.2.params.0.modifiers.#": "0",
                            "browser_step.2.params.0.playing_tab_id": "",
                            "browser_step.2.params.0.request": "",
                            "browser_step.2.params.0.subtest_public_id": "",
                            "browser_step.2.params.0.value": "Nopassword@321",
                            "browser_step.2.params.0.variable.#": "0",
                            "browser_step.2.params.0.with_click": "false",
                            "browser_step.2.params.0.x": "0",
                            "browser_step.2.params.0.y": "0",
                            "browser_step.2.timeout": "0",
                            "browser_step.2.type": "typeText",
                            "browser_step.3.allow_failure": "false",
                            "browser_step.3.force_element_update": "false",
                            "browser_step.3.name": "Click on div #mb-auth-form-submit",
                            "browser_step.3.params.#": "1",
                            "browser_step.3.params.0.attribute": "",
                            "browser_step.3.params.0.check": "",
                            "browser_step.3.params.0.click_type": "",
                            "browser_step.3.params.0.code": "",
                            "browser_step.3.params.0.delay": "0",
                            "browser_step.3.params.0.element": "{\"multiLocator\":{\"ab\":\"/*[local-name()=\\\"html\\\"][1]/*[local-name()=\\\"body\\\"][1]/*[local-name()=\\\"div\\\"][2]/*[local-name()=\\\"div\\\"][1]/*[local-name()=\\\"div\\\"][1]/*[local-name()=\\\"div\\\"][1]/*[local-name()=\\\"div\\\"][1]/*[local-name()=\\\"div\\\"][2]/*[local-name()=\\\"div\\\"][1]/*[local-name()=\\\"form\\\"][1]/*[local-name()=\\\"div\\\"][7]/*[local-name()=\\\"div\\\"][2]\",\"at\":\"/descendant::*[@enctype=\\\"application/x-www-form-urlencoded\\\"]/*[local-name()=\\\"div\\\"][7]/*[local-name()=\\\"div\\\"][2]\",\"cl\":\"/descendant::*[contains(concat(' ', normalize-space(@class), ' '), \\\" mb-button-group \\\")]/descendant::*[contains(concat(' ', normalize-space(@class), ' '), \\\" mb-button \\\")][1]\",\"clt\":\"/descendant::*[contains(concat(' ', normalize-space(@class), ' '), \\\" mb-button-group \\\")]/descendant::*[contains(concat(' ', normalize-space(@class), ' '), \\\" mb-button \\\")][1]\",\"co\":\"\",\"ro\":\"//*[@id=\\\"mb-auth-form-submit\\\"]\"},\"targetOuterHTML\":\"\\u003cdiv id=\\\"mb-auth-form-submit\\\" class=\\\"mb-button\\\"\\u003e\\u003c/div\\u003e\",\"url\":\"https://humancapitalresearch.deloitte.com/login/\"}",
                            "browser_step.3.params.0.email": "",
                            "browser_step.3.params.0.file": "",
                            "browser_step.3.params.0.files": "",
                            "browser_step.3.params.0.modifiers.#": "0",
                            "browser_step.3.params.0.playing_tab_id": "",
                            "browser_step.3.params.0.request": "",
                            "browser_step.3.params.0.subtest_public_id": "",
                            "browser_step.3.params.0.value": "",
                            "browser_step.3.params.0.variable.#": "0",
                            "browser_step.3.params.0.with_click": "false",
                            "browser_step.3.params.0.x": "0",
                            "browser_step.3.params.0.y": "0",
                            "browser_step.3.timeout": "0",
                            "browser_step.3.type": "click",
                            "browser_step.4.allow_failure": "false",
                            "browser_step.4.force_element_update": "false",
                            "browser_step.4.name": "Click on div \"Workforce Sensing\"",
                            "browser_step.4.params.#": "1",
                            "browser_step.4.params.0.attribute": "",
                            "browser_step.4.params.0.check": "",
                            "browser_step.4.params.0.click_type": "",
                            "browser_step.4.params.0.code": "",
                            "browser_step.4.params.0.delay": "0",
                            "browser_step.4.params.0.element": "{\"multiLocator\":{\"ab\":\"/*[local-name()=\\\"html\\\"][1]/*[local-name()=\\\"body\\\"][1]/*[local-name()=\\\"div\\\"][2]/*[local-name()=\\\"header\\\"][1]/*[local-name()=\\\"div\\\"][8]/*[local-name()=\\\"div\\\"][2]/*[local-name()=\\\"div\\\"][1]/*[local-name()=\\\"a\\\"][4]/*[local-name()=\\\"div\\\"][1]\",\"at\":\"/descendant::*[@href=\\\"//workforce-sensing.deloitte.com\\\"][2]/*[local-name()=\\\"div\\\"][1]\",\"cl\":\"/descendant::*[contains(concat(' ', normalize-space(@class), ' '), \\\" mb-header-practices \\\")]/descendant::*[contains(concat(' ', normalize-space(@class), ' '), \\\" mbr-clear-floats \\\")]/descendant::*[contains(concat(' ', normalize-space(@class), ' '), \\\" mb-header-workforce-sensing \\\")][1]/*[local-name()=\\\"div\\\"][1]\",\"clt\":\"/descendant::*[contains(concat(' ', normalize-space(@class), ' '), \\\" mb-header-practices \\\")]/descendant::*[contains(concat(' ', normalize-space(@class), ' '), \\\" mbr-clear-floats \\\")]/descendant::*[contains(concat(' ', normalize-space(@class), ' '), \\\" mb-header-workforce-sensing \\\")][1]/*[local-name()=\\\"div\\\"][1]\",\"co\":\"[{\\\"text\\\":\\\"workforce sensing\\\",\\\"textType\\\":\\\"directText\\\"},{\\\"relation\\\":\\\"BEFORE\\\",\\\"tagName\\\":\\\"DIV\\\",\\\"text\\\":\\\" go to hr practice center go to hr practice centerget help finding research\\\",\\\"textType\\\":\\\"innerText\\\"}]\",\"ro\":\"//*[local-name()=\\\"div\\\"][text()[normalize-space(translate(., 'ABCDEFGHIJKLMNOPQRSTUVWXYZÀÁÂÃÄÅÆÇÈÉÊËÌÍÎÏÐÑÒÓÔÕÖØÙÚÛÜÝÞŸŽŠŒ', 'abcdefghijklmnopqrstuvwxyzàáâãäåæçèéêëìíîïðñòóôõöøùúûüýþÿžšœ')) = \\\"workforce sensing\\\"]]\"},\"targetOuterHTML\":\"\\u003cdiv\\u003eWorkforce Sensing\\u003c/div\\u003e\",\"url\":\"https://humancapitalresearch.deloitte.com/\"}",
                            "browser_step.4.params.0.email": "",
                            "browser_step.4.params.0.file": "",
                            "browser_step.4.params.0.files": "",
                            "browser_step.4.params.0.modifiers.#": "0",
                            "browser_step.4.params.0.playing_tab_id": "",
                            "browser_step.4.params.0.request": "",
                            "browser_step.4.params.0.subtest_public_id": "",
                            "browser_step.4.params.0.value": "",
                            "browser_step.4.params.0.variable.#": "0",
                            "browser_step.4.params.0.with_click": "false",
                            "browser_step.4.params.0.x": "0",
                            "browser_step.4.params.0.y": "0",
                            "browser_step.4.timeout": "0",
                            "browser_step.4.type": "click",
                            "browser_step.5.allow_failure": "false",
                            "browser_step.5.force_element_update": "false",
                            "browser_step.5.name": "Click on link #mb-header-menu-health",
                            "browser_step.5.params.#": "1",
                            "browser_step.5.params.0.attribute": "",
                            "browser_step.5.params.0.check": "",
                            "browser_step.5.params.0.click_type": "",
                            "browser_step.5.params.0.code": "",
                            "browser_step.5.params.0.delay": "0",
                            "browser_step.5.params.0.element": "{\"multiLocator\":{\"ab\":\"/*[local-name()=\\\"html\\\"][1]/*[local-name()=\\\"body\\\"][1]/*[local-name()=\\\"div\\\"][1]/*[local-name()=\\\"header\\\"][1]/*[local-name()=\\\"div\\\"][3]/*[local-name()=\\\"div\\\"][1]/*[local-name()=\\\"a\\\"][2]\",\"at\":\"/descendant::*[@href=\\\"/Health/\\\"]\",\"cl\":\"/descendant::*[contains(concat(' ', normalize-space(@class), ' '), \\\" mb-header-menu-items \\\")]/*[local-name()=\\\"a\\\"][2]\",\"clt\":\"/descendant::*[contains(concat(' ', normalize-space(@class), ' '), \\\" mb-header-menu-items \\\")]/descendant::*[text()[normalize-space(translate(., 'ABCDEFGHIJKLMNOPQRSTUVWXYZÀÁÂÃÄÅÆÇÈÉÊËÌÍÎÏÐÑÒÓÔÕÖØÙÚÛÜÝÞŸŽŠŒ', 'abcdefghijklmnopqrstuvwxyzàáâãäåæçèéêëìíîïðñòóôõöøùúûüýþÿžšœ')) = \\\"health\\\"]]\",\"co\":\"[{\\\"text\\\":\\\"health\\\",\\\"textType\\\":\\\"directText\\\"}]\",\"ro\":\"//*[@id=\\\"mb-header-menu-health\\\"]\"},\"targetOuterHTML\":\"\\u003ca id=\\\"mb-header-menu-health\\\" class=\\\"\\\" href=\\\"/Health/\\\"\\u003ehealth\\u003c/a\\u003e\",\"url\":\"https://workforce-sensing.deloitte.com/\"}",
                            "browser_step.5.params.0.email": "",
                            "browser_step.5.params.0.file": "",
                            "browser_step.5.params.0.files": "",
                            "browser_step.5.params.0.modifiers.#": "0",
                            "browser_step.5.params.0.playing_tab_id": "",
                            "browser_step.5.params.0.request": "",
                            "browser_step.5.params.0.subtest_public_id": "",
                            "browser_step.5.params.0.value": "",
                            "browser_step.5.params.0.variable.#": "0",
                            "browser_step.5.params.0.with_click": "false",
                            "browser_step.5.params.0.x": "0",
                            "browser_step.5.params.0.y": "0",
                            "browser_step.5.timeout": "0",
                            "browser_step.5.type": "click",
                            "browser_step.6.allow_failure": "false",
                            "browser_step.6.force_element_update": "false",
                            "browser_step.6.name": "Test div #mb-topic-latest-handle content",
                            "browser_step.6.params.#": "1",
                            "browser_step.6.params.0.attribute": "",
                            "browser_step.6.params.0.check": "contains",
                            "browser_step.6.params.0.click_type": "",
                            "browser_step.6.params.0.code": "",
                            "browser_step.6.params.0.delay": "0",
                            "browser_step.6.params.0.element": "{\"multiLocator\":{\"ab\":\"/*[local-name()=\\\"html\\\"][1]/*[local-name()=\\\"body\\\"][1]/*[local-name()=\\\"div\\\"][1]/*[local-name()=\\\"div\\\"][1]/*[local-name()=\\\"div\\\"][1]/*[local-name()=\\\"div\\\"][1]/*[local-name()=\\\"div\\\"][2]/*[local-name()=\\\"div\\\"][1]/*[local-name()=\\\"div\\\"][1]\",\"at\":\"/*[local-name()=\\\"html\\\"]/*[local-name()=\\\"body\\\"]/*[local-name()=\\\"div\\\"][1]/*[local-name()=\\\"div\\\"][1]/*[local-name()=\\\"div\\\"][1]/*[local-name()=\\\"div\\\"][1]/*[local-name()=\\\"div\\\"][2]/*[local-name()=\\\"div\\\"][1]/*[local-name()=\\\"div\\\"][1]\",\"cl\":\"/descendant::*[contains(concat(' ', normalize-space(@class), ' '), \\\" mb-module-layout-1B-3X \\\")]/descendant::*[contains(concat(' ', normalize-space(@class), ' '), \\\" mb-module-auto-handle \\\")]\",\"clt\":\"/descendant::*[contains(concat(' ', normalize-space(@class), ' '), \\\" mb-module-layout-1B-3X \\\")]/descendant::*[contains(concat(' ', normalize-space(@class), ' '), \\\" mb-module-auto-handle \\\")]\",\"ro\":\"//*[@id=\\\"mb-topic-latest-handle\\\"]\"},\"targetOuterHTML\":\"\\u003cdiv class=\\\" mb-module-auto-handle\\\" id=\\\"mb-topic-latest-handle\\\"\\u003e\\u003cspan class=\\\"mb-module-title bp-modu\",\"url\":\"https://workforce-sensing.deloitte.com/Health/\"}",
                            "browser_step.6.params.0.email": "",
                            "browser_step.6.params.0.file": "",
                            "browser_step.6.params.0.files": "",
                            "browser_step.6.params.0.modifiers.#": "0",
                            "browser_step.6.params.0.playing_tab_id": "",
                            "browser_step.6.params.0.request": "",
                            "browser_step.6.params.0.subtest_public_id": "",
                            "browser_step.6.params.0.value": "LATEST",
                            "browser_step.6.params.0.variable.#": "0",
                            "browser_step.6.params.0.with_click": "false",
                            "browser_step.6.params.0.x": "0",
                            "browser_step.6.params.0.y": "0",
                            "browser_step.6.timeout": "0",
                            "browser_step.6.type": "assertElementContent",
                            "browser_step.7.allow_failure": "false",
                            "browser_step.7.force_element_update": "false",
                            "browser_step.7.name": "Test text is present on the active page",
                            "browser_step.7.params.#": "1",
                            "browser_step.7.params.0.attribute": "",
                            "browser_step.7.params.0.check": "",
                            "browser_step.7.params.0.click_type": "",
                            "browser_step.7.params.0.code": "",
                            "browser_step.7.params.0.delay": "0",
                            "browser_step.7.params.0.element": "",
                            "browser_step.7.params.0.email": "",
                            "browser_step.7.params.0.file": "",
                            "browser_step.7.params.0.files": "",
                            "browser_step.7.params.0.modifiers.#": "0",
                            "browser_step.7.params.0.playing_tab_id": "",
                            "browser_step.7.params.0.request": "",
                            "browser_step.7.params.0.subtest_public_id": "",
                            "browser_step.7.params.0.value": "READ MORE",
                            "browser_step.7.params.0.variable.#": "0",
                            "browser_step.7.params.0.with_click": "false",
                            "browser_step.7.params.0.x": "0",
                            "browser_step.7.params.0.y": "0",
                            "browser_step.7.timeout": "0",
                            "browser_step.7.type": "assertPageContains",
                            "browser_step.8.allow_failure": "false",
                            "browser_step.8.force_element_update": "false",
                            "browser_step.8.name": "Click on link #mb-header-menu-search",
                            "browser_step.8.params.#": "1",
                            "browser_step.8.params.0.attribute": "",
                            "browser_step.8.params.0.check": "",
                            "browser_step.8.params.0.click_type": "",
                            "browser_step.8.params.0.code": "",
                            "browser_step.8.params.0.delay": "0",
                            "browser_step.8.params.0.element": "{\"multiLocator\":{\"ab\":\"/*[local-name()=\\\"html\\\"][1]/*[local-name()=\\\"body\\\"][1]/*[local-name()=\\\"div\\\"][1]/*[local-name()=\\\"header\\\"][1]/*[local-name()=\\\"div\\\"][3]/*[local-name()=\\\"div\\\"][1]/*[local-name()=\\\"a\\\"][11]\",\"at\":\"/descendant::*[@href=\\\"javascript:;\\\"][1]\",\"cl\":\"/descendant::*[contains(concat(' ', normalize-space(@class), ' '), \\\" mbr-module-resp-9 \\\")]\",\"clt\":\"/descendant::*[contains(concat(' ', normalize-space(@class), ' '), \\\" mbr-module-resp-9 \\\")]\",\"ro\":\"//*[@id=\\\"mb-header-menu-search\\\"]\"},\"targetOuterHTML\":\"\\u003ca id=\\\"mb-header-menu-search\\\" class=\\\"mbr-module-resp-9\\\" href=\\\"javascript:;\\\"\\u003e\\u003c/a\\u003e\",\"url\":\"https://workforce-sensing.deloitte.com/Health/\"}",
                            "browser_step.8.params.0.email": "",
                            "browser_step.8.params.0.file": "",
                            "browser_step.8.params.0.files": "",
                            "browser_step.8.params.0.modifiers.#": "0",
                            "browser_step.8.params.0.playing_tab_id": "",
                            "browser_step.8.params.0.request": "",
                            "browser_step.8.params.0.subtest_public_id": "",
                            "browser_step.8.params.0.value": "",
                            "browser_step.8.params.0.variable.#": "0",
                            "browser_step.8.params.0.with_click": "false",
                            "browser_step.8.params.0.x": "0",
                            "browser_step.8.params.0.y": "0",
                            "browser_step.8.timeout": "0",
                            "browser_step.8.type": "click",
                            "browser_step.9.allow_failure": "false",
                            "browser_step.9.force_element_update": "false",
                            "browser_step.9.name": "Type text on input #mb-header-search-input-text",
                            "browser_step.9.params.#": "1",
                            "browser_step.9.params.0.attribute": "",
                            "browser_step.9.params.0.check": "",
                            "browser_step.9.params.0.click_type": "",
                            "browser_step.9.params.0.code": "",
                            "browser_step.9.params.0.delay": "0",
                            "browser_step.9.params.0.element": "{\"multiLocator\":{\"ab\":\"/*[local-name()=\\\"html\\\"][1]/*[local-name()=\\\"body\\\"][1]/*[local-name()=\\\"div\\\"][1]/*[local-name()=\\\"header\\\"][1]/*[local-name()=\\\"div\\\"][4]/*[local-name()=\\\"div\\\"][1]/*[local-name()=\\\"div\\\"][1]/*[local-name()=\\\"input\\\"][1]\",\"at\":\"/descendant::*[@type=\\\"TEXT\\\"]\",\"cl\":\"/descendant::*[contains(concat(' ', normalize-space(@class), ' '), \\\" mb-lightgray \\\")]\",\"clt\":\"/descendant::*[contains(concat(' ', normalize-space(@class), ' '), \\\" mb-lightgray \\\")]\",\"co\":\"\",\"ro\":\"//*[@id=\\\"mb-header-search-input-text\\\"]\"},\"targetOuterHTML\":\"\\u003cinput type=\\\"TEXT\\\" class=\\\"mb-lightgray\\\" id=\\\"mb-header-search-input-text\\\"\\u003e\",\"url\":\"https://workforce-sensing.deloitte.com/Health/\"}",
                            "browser_step.9.params.0.email": "",
                            "browser_step.9.params.0.file": "",
                            "browser_step.9.params.0.files": "",
                            "browser_step.9.params.0.modifiers.#": "0",
                            "browser_step.9.params.0.playing_tab_id": "",
                            "browser_step.9.params.0.request": "",
                            "browser_step.9.params.0.subtest_public_id": "",
                            "browser_step.9.params.0.value": "Telecommunication",
                            "browser_step.9.params.0.variable.#": "0",
                            "browser_step.9.params.0.with_click": "false",
                            "browser_step.9.params.0.x": "0",
                            "browser_step.9.params.0.y": "0",
                            "browser_step.9.timeout": "0",
                            "browser_step.9.type": "typeText",
                            "browser_variable.#": "0",
                            "device_ids.#": "1",
                            "device_ids.0": "chrome.laptop_large",
                            "id": "wne-eb5-g76",
                            "locations.#": "2",
                            "locations.0": "aws:us-east-2",
                            "locations.1": "aws:us-west-1",
                            "message": "[link text](http://google.com/)\n\n@dci-noc@deloitte.com \n\n@kchugh@deloitte.com \n@kkrishnamurthyred@deloitte.com \n@modubey@deloitte.com \n@nkumarmr@deloitte.com \n@sanddubey@deloitte.com",
                            "monitor_id": "33460619",
                            "name": "Bersin WFS PROD",
                            "options_list.#": "1",
                            "options_list.0.accept_self_signed": "false",
                            "options_list.0.allow_insecure": "false",
                            "options_list.0.follow_redirects": "false",
                            "options_list.0.min_failure_duration": "120",
                            "options_list.0.min_location_failed": "2",
                            "options_list.0.monitor_name": "",
                            "options_list.0.monitor_options.#": "1",
                            "options_list.0.monitor_options.0.renotify_interval": "60",
                            "options_list.0.monitor_priority": "1",
                            "options_list.0.no_screenshot": "false",
                            "options_list.0.retry.#": "1",
                            "options_list.0.retry.0.count": "2",
                            "options_list.0.retry.0.interval": "200",
                            "options_list.0.tick_every": "900",
                            "request_definition.#": "1",
                            "request_definition.0.body": "",
                            "request_definition.0.dns_server": "",
                            "request_definition.0.dns_server_port": "0",
                            "request_definition.0.host": "",
                            "request_definition.0.method": "GET",
                            "request_definition.0.no_saving_response_body": "false",
                            "request_definition.0.number_of_packets": "0",
                            "request_definition.0.port": "0",
                            "request_definition.0.should_track_hops": "false",
                            "request_definition.0.timeout": "0",
                            "request_definition.0.url": "https://workforce-sensing.deloitte.com",
                            "request_headers.%": "0",
                            "request_query.%": "0",
                            "set_cookie": "",
                            "status": "live",
                            "tags.#": "3",
                            "tags.0": "app:wfs",
                            "tags.1": "test:browser",
                            "tags.2": "env:prod",
                            "type": "browser"
                        },
                        "meta": {
                            "schema_version": 0
                        },
                        "tainted": false
                    },
                    "deposed": [],
                    "provider": "provider.datadog"
                },
                "datadog_synthetics_test.tfer--synthetics_xej-002D-nhi-002D-gpz": {
                    "type": "datadog_synthetics_test",
                    "depends_on": [],
                    "primary": {
                        "id": "xej-nhi-gpz",
                        "attributes": {
                            "assertion.#": "3",
                            "assertion.0.operator": "lessThan",
                            "assertion.0.property": "",
                            "assertion.0.target": "2000",
                            "assertion.0.targetjsonpath.#": "0",
                            "assertion.0.type": "responseTime",
                            "assertion.1.operator": "is",
                            "assertion.1.property": "",
                            "assertion.1.target": "200",
                            "assertion.1.targetjsonpath.#": "0",
                            "assertion.1.type": "statusCode",
                            "assertion.2.operator": "is",
                            "assertion.2.property": "content-type",
                            "assertion.2.target": "text/html; charset=UTF-8",
                            "assertion.2.targetjsonpath.#": "0",
                            "assertion.2.type": "header",
                            "config_variable.#": "0",
                            "device_ids.#": "0",
                            "id": "xej-nhi-gpz",
                            "locations.#": "5",
                            "locations.0": "aws:ca-central-1",
                            "locations.1": "aws:sa-east-1",
                            "locations.2": "aws:us-east-2",
                            "locations.3": "aws:us-west-1",
                            "locations.4": "aws:us-west-2",
                            "message": "Connect me site \"southwest.connectmehr.com\" is down\n\n@kchugh@deloitte.com \n@ruswilson@deloitte.com \n@modubey@deloitte.com \n@sanddubey@deloitte.com\n@akachhava@deloitte.com",
                            "monitor_id": "35906839",
                            "name": "Monitor southwest.connectmehr.com",
                            "options_list.#": "1",
                            "options_list.0.accept_self_signed": "false",
                            "options_list.0.allow_insecure": "true",
                            "options_list.0.follow_redirects": "true",
                            "options_list.0.min_failure_duration": "120",
                            "options_list.0.min_location_failed": "5",
                            "options_list.0.monitor_name": "",
                            "options_list.0.monitor_options.#": "1",
                            "options_list.0.monitor_options.0.renotify_interval": "60",
                            "options_list.0.monitor_priority": "1",
                            "options_list.0.no_screenshot": "false",
                            "options_list.0.retry.#": "1",
                            "options_list.0.retry.0.count": "2",
                            "options_list.0.retry.0.interval": "200",
                            "options_list.0.tick_every": "300",
                            "request_definition.#": "1",
                            "request_definition.0.body": "",
                            "request_definition.0.dns_server": "",
                            "request_definition.0.dns_server_port": "0",
                            "request_definition.0.host": "",
                            "request_definition.0.method": "GET",
                            "request_definition.0.no_saving_response_body": "false",
                            "request_definition.0.number_of_packets": "0",
                            "request_definition.0.port": "0",
                            "request_definition.0.should_track_hops": "false",
                            "request_definition.0.timeout": "0",
                            "request_definition.0.url": "https://southwest.connectmehr.com",
                            "request_headers.%": "0",
                            "request_query.%": "0",
                            "status": "live",
                            "subtype": "http",
                            "tags.#": "2",
                            "tags.0": "app:CONNECTME",
                            "tags.1": "env:prod",
                            "type": "api"
                        },
                        "meta": {
                            "schema_version": 0
                        },
                        "tainted": false
                    },
                    "deposed": [],
                    "provider": "provider.datadog"
                },
                "datadog_synthetics_test.tfer--synthetics_xuj-002D-vbk-002D-un6": {
                    "type": "datadog_synthetics_test",
                    "depends_on": [],
                    "primary": {
                        "id": "xuj-vbk-un6",
                        "attributes": {
                            "assertion.#": "3",
                            "assertion.0.operator": "lessThan",
                            "assertion.0.property": "",
                            "assertion.0.target": "2000",
                            "assertion.0.targetjsonpath.#": "0",
                            "assertion.0.type": "responseTime",
                            "assertion.1.operator": "is",
                            "assertion.1.property": "",
                            "assertion.1.target": "200",
                            "assertion.1.targetjsonpath.#": "0",
                            "assertion.1.type": "statusCode",
                            "assertion.2.operator": "is",
                            "assertion.2.property": "content-type",
                            "assertion.2.target": "text/html; charset=UTF-8",
                            "assertion.2.targetjsonpath.#": "0",
                            "assertion.2.type": "header",
                            "config_variable.#": "0",
                            "device_ids.#": "0",
                            "id": "xuj-vbk-un6",
                            "locations.#": "5",
                            "locations.0": "aws:ca-central-1",
                            "locations.1": "aws:sa-east-1",
                            "locations.2": "aws:us-east-2",
                            "locations.3": "aws:us-west-1",
                            "locations.4": "aws:us-west-2",
                            "message": "Connect me site \"cintas.connectmehr.com\" is down\n\n@kchugh@deloitte.com \n@ruswilson@deloitte.com \n@modubey@deloitte.com \n@sanddubey@deloitte.com\n@akachhava@deloitte.com",
                            "monitor_id": "35906949",
                            "name": "Monitor  cintas.connectmehr.com",
                            "options_list.#": "1",
                            "options_list.0.accept_self_signed": "false",
                            "options_list.0.allow_insecure": "true",
                            "options_list.0.follow_redirects": "true",
                            "options_list.0.min_failure_duration": "120",
                            "options_list.0.min_location_failed": "5",
                            "options_list.0.monitor_name": "",
                            "options_list.0.monitor_options.#": "1",
                            "options_list.0.monitor_options.0.renotify_interval": "60",
                            "options_list.0.monitor_priority": "1",
                            "options_list.0.no_screenshot": "false",
                            "options_list.0.retry.#": "1",
                            "options_list.0.retry.0.count": "2",
                            "options_list.0.retry.0.interval": "200",
                            "options_list.0.tick_every": "300",
                            "request_definition.#": "1",
                            "request_definition.0.body": "",
                            "request_definition.0.dns_server": "",
                            "request_definition.0.dns_server_port": "0",
                            "request_definition.0.host": "",
                            "request_definition.0.method": "GET",
                            "request_definition.0.no_saving_response_body": "false",
                            "request_definition.0.number_of_packets": "0",
                            "request_definition.0.port": "0",
                            "request_definition.0.should_track_hops": "false",
                            "request_definition.0.timeout": "0",
                            "request_definition.0.url": "https://cintas.connectmehr.com",
                            "request_headers.%": "0",
                            "request_query.%": "0",
                            "status": "live",
                            "subtype": "http",
                            "tags.#": "2",
                            "tags.0": "app:CONNECTME",
                            "tags.1": "env:prod",
                            "type": "api"
                        },
                        "meta": {
                            "schema_version": 0
                        },
                        "tainted": false
                    },
                    "deposed": [],
                    "provider": "provider.datadog"
                },
                "datadog_synthetics_test.tfer--synthetics_y8s-002D-phn-002D-ke4": {
                    "type": "datadog_synthetics_test",
                    "depends_on": [],
                    "primary": {
                        "id": "y8s-phn-ke4",
                        "attributes": {
                            "assertion.#": "3",
                            "assertion.0.operator": "lessThan",
                            "assertion.0.property": "",
                            "assertion.0.target": "2000",
                            "assertion.0.targetjsonpath.#": "0",
                            "assertion.0.type": "responseTime",
                            "assertion.1.operator": "is",
                            "assertion.1.property": "",
                            "assertion.1.target": "302",
                            "assertion.1.targetjsonpath.#": "0",
                            "assertion.1.type": "statusCode",
                            "assertion.2.operator": "is",
                            "assertion.2.property": "content-type",
                            "assertion.2.target": "text/html; charset=utf-8",
                            "assertion.2.targetjsonpath.#": "0",
                            "assertion.2.type": "header",
                            "config_variable.#": "0",
                            "device_ids.#": "0",
                            "id": "y8s-phn-ke4",
                            "locations.#": "5",
                            "locations.0": "aws:ca-central-1",
                            "locations.1": "aws:sa-east-1",
                            "locations.2": "aws:us-east-2",
                            "locations.3": "aws:us-west-1",
                            "locations.4": "aws:us-west-2",
                            "message": "Site Down -  humancapitalresearch-login.deloitte.com\n\n@kchugh@deloitte.com @modubey@deloitte.com @ruswilson@deloitte.com \n@akachhava@deloitte.com\n",
                            "monitor_id": "35049342",
                            "name": "Monitor humancapitalresearch-login.deloitte.com homepage",
                            "options_list.#": "1",
                            "options_list.0.accept_self_signed": "false",
                            "options_list.0.allow_insecure": "false",
                            "options_list.0.follow_redirects": "false",
                            "options_list.0.min_failure_duration": "120",
                            "options_list.0.min_location_failed": "5",
                            "options_list.0.monitor_name": "",
                            "options_list.0.monitor_options.#": "1",
                            "options_list.0.monitor_options.0.renotify_interval": "60",
                            "options_list.0.monitor_priority": "1",
                            "options_list.0.no_screenshot": "false",
                            "options_list.0.retry.#": "1",
                            "options_list.0.retry.0.count": "2",
                            "options_list.0.retry.0.interval": "200",
                            "options_list.0.tick_every": "300",
                            "request_definition.#": "1",
                            "request_definition.0.body": "",
                            "request_definition.0.dns_server": "",
                            "request_definition.0.dns_server_port": "0",
                            "request_definition.0.host": "",
                            "request_definition.0.method": "GET",
                            "request_definition.0.no_saving_response_body": "false",
                            "request_definition.0.number_of_packets": "0",
                            "request_definition.0.port": "0",
                            "request_definition.0.should_track_hops": "false",
                            "request_definition.0.timeout": "0",
                            "request_definition.0.url": "https://humancapitalresearch-login.deloitte.com",
                            "request_headers.%": "0",
                            "request_query.%": "0",
                            "status": "live",
                            "subtype": "http",
                            "tags.#": "2",
                            "tags.0": "app:membersite",
                            "tags.1": "env:prod",
                            "type": "api"
                        },
                        "meta": {
                            "schema_version": 0
                        },
                        "tainted": false
                    },
                    "deposed": [],
                    "provider": "provider.datadog"
                },
                "datadog_synthetics_test.tfer--synthetics_ycw-002D-cxr-002D-9f2": {
                    "type": "datadog_synthetics_test",
                    "depends_on": [],
                    "primary": {
                        "id": "ycw-cxr-9f2",
                        "attributes": {
                            "assertion.#": "3",
                            "assertion.0.operator": "lessThan",
                            "assertion.0.property": "",
                            "assertion.0.target": "3000",
                            "assertion.0.targetjsonpath.#": "0",
                            "assertion.0.type": "responseTime",
                            "assertion.1.operator": "is",
                            "assertion.1.property": "",
                            "assertion.1.target": "200",
                            "assertion.1.targetjsonpath.#": "0",
                            "assertion.1.type": "statusCode",
                            "assertion.2.operator": "is",
                            "assertion.2.property": "content-type",
                            "assertion.2.target": "text/html; charset=UTF-8",
                            "assertion.2.targetjsonpath.#": "0",
                            "assertion.2.type": "header",
                            "config_variable.#": "0",
                            "device_ids.#": "0",
                            "id": "ycw-cxr-9f2",
                            "locations.#": "5",
                            "locations.0": "aws:ca-central-1",
                            "locations.1": "aws:sa-east-1",
                            "locations.2": "aws:us-east-2",
                            "locations.3": "aws:us-west-1",
                            "locations.4": "aws:us-west-2",
                            "message": "Site down eu.workforceinsightsopinions.deloitte.com\n\n@modubey@deloitte.com @sanddubey@deloitte.com @kchugh@deloitte.com @ruswilson@deloitte.com @akachhava@deloitte.com",
                            "monitor_id": "35051095",
                            "name": "Monitor eu.workforceinsightsopinions.deloitte.com homepage",
                            "options_list.#": "1",
                            "options_list.0.accept_self_signed": "false",
                            "options_list.0.allow_insecure": "false",
                            "options_list.0.follow_redirects": "false",
                            "options_list.0.min_failure_duration": "120",
                            "options_list.0.min_location_failed": "5",
                            "options_list.0.monitor_name": "",
                            "options_list.0.monitor_options.#": "1",
                            "options_list.0.monitor_options.0.renotify_interval": "60",
                            "options_list.0.monitor_priority": "1",
                            "options_list.0.no_screenshot": "false",
                            "options_list.0.retry.#": "1",
                            "options_list.0.retry.0.count": "2",
                            "options_list.0.retry.0.interval": "2",
                            "options_list.0.tick_every": "300",
                            "request_definition.#": "1",
                            "request_definition.0.body": "",
                            "request_definition.0.dns_server": "",
                            "request_definition.0.dns_server_port": "0",
                            "request_definition.0.host": "",
                            "request_definition.0.method": "GET",
                            "request_definition.0.no_saving_response_body": "false",
                            "request_definition.0.number_of_packets": "0",
                            "request_definition.0.port": "0",
                            "request_definition.0.should_track_hops": "false",
                            "request_definition.0.timeout": "0",
                            "request_definition.0.url": "https://eu.workforceinsightsopinions.deloitte.com",
                            "request_headers.%": "0",
                            "request_query.%": "0",
                            "status": "live",
                            "subtype": "http",
                            "tags.#": "3",
                            "tags.0": "region:EU",
                            "tags.1": "app:RO",
                            "tags.2": "env:prod",
                            "type": "api"
                        },
                        "meta": {
                            "schema_version": 0
                        },
                        "tainted": false
                    },
                    "deposed": [],
                    "provider": "provider.datadog"
                },
                "datadog_synthetics_test.tfer--synthetics_yri-002D-6zy-002D-3r9": {
                    "type": "datadog_synthetics_test",
                    "depends_on": [],
                    "primary": {
                        "id": "yri-6zy-3r9",
                        "attributes": {
                            "assertion.#": "3",
                            "assertion.0.operator": "lessThan",
                            "assertion.0.property": "",
                            "assertion.0.target": "2000",
                            "assertion.0.targetjsonpath.#": "0",
                            "assertion.0.type": "responseTime",
                            "assertion.1.operator": "is",
                            "assertion.1.property": "",
                            "assertion.1.target": "302",
                            "assertion.1.targetjsonpath.#": "0",
                            "assertion.1.type": "statusCode",
                            "assertion.2.operator": "is",
                            "assertion.2.property": "content-type",
                            "assertion.2.target": "text/html; charset=UTF-8",
                            "assertion.2.targetjsonpath.#": "0",
                            "assertion.2.type": "header",
                            "config_variable.#": "0",
                            "device_ids.#": "0",
                            "id": "yri-6zy-3r9",
                            "locations.#": "5",
                            "locations.0": "aws:ca-central-1",
                            "locations.1": "aws:sa-east-1",
                            "locations.2": "aws:us-east-2",
                            "locations.3": "aws:us-west-1",
                            "locations.4": "aws:us-west-2",
                            "message": "WFS is down\n\n@modubey@deloitte.com \n@ruswilson@deloitte.com \n@sanddubey@deloitte.com\n@kchugh@deloitte.com\n@akachhava@deloitte.com",
                            "monitor_id": "30409689",
                            "name": "Monitor workforce-sensing.deloitte.com homepage",
                            "options_list.#": "1",
                            "options_list.0.accept_self_signed": "false",
                            "options_list.0.allow_insecure": "false",
                            "options_list.0.follow_redirects": "false",
                            "options_list.0.min_failure_duration": "120",
                            "options_list.0.min_location_failed": "5",
                            "options_list.0.monitor_name": "",
                            "options_list.0.monitor_options.#": "1",
                            "options_list.0.monitor_options.0.renotify_interval": "60",
                            "options_list.0.monitor_priority": "1",
                            "options_list.0.no_screenshot": "false",
                            "options_list.0.retry.#": "1",
                            "options_list.0.retry.0.count": "2",
                            "options_list.0.retry.0.interval": "200",
                            "options_list.0.tick_every": "300",
                            "request_definition.#": "1",
                            "request_definition.0.body": "",
                            "request_definition.0.dns_server": "",
                            "request_definition.0.dns_server_port": "0",
                            "request_definition.0.host": "",
                            "request_definition.0.method": "GET",
                            "request_definition.0.no_saving_response_body": "false",
                            "request_definition.0.number_of_packets": "0",
                            "request_definition.0.port": "0",
                            "request_definition.0.should_track_hops": "false",
                            "request_definition.0.timeout": "0",
                            "request_definition.0.url": "https://workforce-sensing.deloitte.com",
                            "request_headers.%": "0",
                            "request_query.%": "0",
                            "status": "live",
                            "subtype": "http",
                            "tags.#": "2",
                            "tags.0": "env:prod",
                            "tags.1": "app:wfs",
                            "type": "api"
                        },
                        "meta": {
                            "schema_version": 0
                        },
                        "tainted": false
                    },
                    "deposed": [],
                    "provider": "provider.datadog"
                }
            },
            "depends_on": []
        }
    ]
}
